// !$*UTF8*$!
{
	archiveVersion = 1;
	classes = {
	};
	objectVersion = 50;
	objects = {

/* Begin PBXBuildFile section */
		5DADD44622DA97AC0065FA92 /* Problem_49.framework in Frameworks */ = {isa = PBXBuildFile; fileRef = 5DADD43C22DA97AB0065FA92 /* Problem_49.framework */; };
		5DADD44B22DA97AC0065FA92 /* Problem_49Tests.swift in Sources */ = {isa = PBXBuildFile; fileRef = 5DADD44A22DA97AC0065FA92 /* Problem_49Tests.swift */; };
		5DADD44D22DA97AC0065FA92 /* Problem_49.h in Headers */ = {isa = PBXBuildFile; fileRef = 5DADD43F22DA97AB0065FA92 /* Problem_49.h */; settings = {ATTRIBUTES = (Public, ); }; };
/* End PBXBuildFile section */

/* Begin PBXContainerItemProxy section */
		5DADD44722DA97AC0065FA92 /* PBXContainerItemProxy */ = {
			isa = PBXContainerItemProxy;
			containerPortal = 5DADD43322DA97AB0065FA92 /* Project object */;
			proxyType = 1;
			remoteGlobalIDString = 5DADD43B22DA97AB0065FA92;
			remoteInfo = "Problem 49";
		};
/* End PBXContainerItemProxy section */

/* Begin PBXFileReference section */
		5DADD43C22DA97AB0065FA92 /* Problem_49.framework */ = {isa = PBXFileReference; explicitFileType = wrapper.framework; includeInIndex = 0; path = Problem_49.framework; sourceTree = BUILT_PRODUCTS_DIR; };
		5DADD43F22DA97AB0065FA92 /* Problem_49.h */ = {isa = PBXFileReference; lastKnownFileType = sourcecode.c.h; path = Problem_49.h; sourceTree = "<group>"; };
		5DADD44022DA97AB0065FA92 /* Info.plist */ = {isa = PBXFileReference; lastKnownFileType = text.plist.xml; path = Info.plist; sourceTree = "<group>"; };
		5DADD44522DA97AC0065FA92 /* Problem 49Tests.xctest */ = {isa = PBXFileReference; explicitFileType = wrapper.cfbundle; includeInIndex = 0; path = "Problem 49Tests.xctest"; sourceTree = BUILT_PRODUCTS_DIR; };
		5DADD44A22DA97AC0065FA92 /* Problem_49Tests.swift */ = {isa = PBXFileReference; lastKnownFileType = sourcecode.swift; path = Problem_49Tests.swift; sourceTree = "<group>"; };
		5DADD44C22DA97AC0065FA92 /* Info.plist */ = {isa = PBXFileReference; lastKnownFileType = text.plist.xml; path = Info.plist; sourceTree = "<group>"; };
/* End PBXFileReference section */

/* Begin PBXFrameworksBuildPhase section */
		5DADD43922DA97AB0065FA92 /* Frameworks */ = {
			isa = PBXFrameworksBuildPhase;
			buildActionMask = 2147483647;
			files = (
			);
			runOnlyForDeploymentPostprocessing = 0;
		};
		5DADD44222DA97AC0065FA92 /* Frameworks */ = {
			isa = PBXFrameworksBuildPhase;
			buildActionMask = 2147483647;
			files = (
				5DADD44622DA97AC0065FA92 /* Problem_49.framework in Frameworks */,
			);
			runOnlyForDeploymentPostprocessing = 0;
		};
/* End PBXFrameworksBuildPhase section */

/* Begin PBXGroup section */
		5DADD43222DA97AB0065FA92 = {
			isa = PBXGroup;
			children = (
				5DADD43E22DA97AB0065FA92 /* Problem 49 */,
				5DADD44922DA97AC0065FA92 /* Problem 49Tests */,
				5DADD43D22DA97AB0065FA92 /* Products */,
			);
			sourceTree = "<group>";
		};
		5DADD43D22DA97AB0065FA92 /* Products */ = {
			isa = PBXGroup;
			children = (
				5DADD43C22DA97AB0065FA92 /* Problem_49.framework */,
				5DADD44522DA97AC0065FA92 /* Problem 49Tests.xctest */,
			);
			name = Products;
			sourceTree = "<group>";
		};
		5DADD43E22DA97AB0065FA92 /* Problem 49 */ = {
			isa = PBXGroup;
			children = (
				5DADD43F22DA97AB0065FA92 /* Problem_49.h */,
				5DADD44022DA97AB0065FA92 /* Info.plist */,
			);
			path = "Problem 49";
			sourceTree = "<group>";
		};
		5DADD44922DA97AC0065FA92 /* Problem 49Tests */ = {
			isa = PBXGroup;
			children = (
				5DADD44A22DA97AC0065FA92 /* Problem_49Tests.swift */,
				5DADD44C22DA97AC0065FA92 /* Info.plist */,
			);
			path = "Problem 49Tests";
			sourceTree = "<group>";
		};
/* End PBXGroup section */

/* Begin PBXHeadersBuildPhase section */
		5DADD43722DA97AB0065FA92 /* Headers */ = {
			isa = PBXHeadersBuildPhase;
			buildActionMask = 2147483647;
			files = (
				5DADD44D22DA97AC0065FA92 /* Problem_49.h in Headers */,
			);
			runOnlyForDeploymentPostprocessing = 0;
		};
/* End PBXHeadersBuildPhase section */

/* Begin PBXNativeTarget section */
		5DADD43B22DA97AB0065FA92 /* Problem 49 */ = {
			isa = PBXNativeTarget;
			buildConfigurationList = 5DADD45022DA97AC0065FA92 /* Build configuration list for PBXNativeTarget "Problem 49" */;
			buildPhases = (
				5DADD43722DA97AB0065FA92 /* Headers */,
				5DADD43822DA97AB0065FA92 /* Sources */,
				5DADD43922DA97AB0065FA92 /* Frameworks */,
				5DADD43A22DA97AB0065FA92 /* Resources */,
			);
			buildRules = (
			);
			dependencies = (
			);
			name = "Problem 49";
			productName = "Problem 49";
			productReference = 5DADD43C22DA97AB0065FA92 /* Problem_49.framework */;
			productType = "com.apple.product-type.framework";
		};
		5DADD44422DA97AC0065FA92 /* Problem 49Tests */ = {
			isa = PBXNativeTarget;
			buildConfigurationList = 5DADD45322DA97AC0065FA92 /* Build configuration list for PBXNativeTarget "Problem 49Tests" */;
			buildPhases = (
				5DADD44122DA97AC0065FA92 /* Sources */,
				5DADD44222DA97AC0065FA92 /* Frameworks */,
				5DADD44322DA97AC0065FA92 /* Resources */,
			);
			buildRules = (
			);
			dependencies = (
				5DADD44822DA97AC0065FA92 /* PBXTargetDependency */,
			);
			name = "Problem 49Tests";
			productName = "Problem 49Tests";
			productReference = 5DADD44522DA97AC0065FA92 /* Problem 49Tests.xctest */;
			productType = "com.apple.product-type.bundle.unit-test";
		};
/* End PBXNativeTarget section */

/* Begin PBXProject section */
		5DADD43322DA97AB0065FA92 /* Project object */ = {
			isa = PBXProject;
			attributes = {
				LastSwiftUpdateCheck = 1020;
				LastUpgradeCheck = 1020;
				ORGANIZATIONNAME = "sebastien FOCK CHOW THO";
				TargetAttributes = {
					5DADD43B22DA97AB0065FA92 = {
						CreatedOnToolsVersion = 10.2.1;
					};
					5DADD44422DA97AC0065FA92 = {
						CreatedOnToolsVersion = 10.2.1;
					};
				};
			};
			buildConfigurationList = 5DADD43622DA97AB0065FA92 /* Build configuration list for PBXProject "Problem 49" */;
			compatibilityVersion = "Xcode 9.3";
			developmentRegion = en;
			hasScannedForEncodings = 0;
			knownRegions = (
				en,
			);
			mainGroup = 5DADD43222DA97AB0065FA92;
			productRefGroup = 5DADD43D22DA97AB0065FA92 /* Products */;
			projectDirPath = "";
			projectRoot = "";
			targets = (
				5DADD43B22DA97AB0065FA92 /* Problem 49 */,
				5DADD44422DA97AC0065FA92 /* Problem 49Tests */,
			);
		};
/* End PBXProject section */

/* Begin PBXResourcesBuildPhase section */
		5DADD43A22DA97AB0065FA92 /* Resources */ = {
			isa = PBXResourcesBuildPhase;
			buildActionMask = 2147483647;
			files = (
			);
			runOnlyForDeploymentPostprocessing = 0;
		};
		5DADD44322DA97AC0065FA92 /* Resources */ = {
			isa = PBXResourcesBuildPhase;
			buildActionMask = 2147483647;
			files = (
			);
			runOnlyForDeploymentPostprocessing = 0;
		};
/* End PBXResourcesBuildPhase section */

/* Begin PBXSourcesBuildPhase section */
		5DADD43822DA97AB0065FA92 /* Sources */ = {
			isa = PBXSourcesBuildPhase;
			buildActionMask = 2147483647;
			files = (
			);
			runOnlyForDeploymentPostprocessing = 0;
		};
		5DADD44122DA97AC0065FA92 /* Sources */ = {
			isa = PBXSourcesBuildPhase;
			buildActionMask = 2147483647;
			files = (
				5DADD44B22DA97AC0065FA92 /* Problem_49Tests.swift in Sources */,
			);
			runOnlyForDeploymentPostprocessing = 0;
		};
/* End PBXSourcesBuildPhase section */

/* Begin PBXTargetDependency section */
		5DADD44822DA97AC0065FA92 /* PBXTargetDependency */ = {
			isa = PBXTargetDependency;
			target = 5DADD43B22DA97AB0065FA92 /* Problem 49 */;
			targetProxy = 5DADD44722DA97AC0065FA92 /* PBXContainerItemProxy */;
		};
/* End PBXTargetDependency section */

/* Begin XCBuildConfiguration section */
		5DADD44E22DA97AC0065FA92 /* Debug */ = {
			isa = XCBuildConfiguration;
			buildSettings = {
				ALWAYS_SEARCH_USER_PATHS = NO;
				CLANG_ANALYZER_NONNULL = YES;
				CLANG_ANALYZER_NUMBER_OBJECT_CONVERSION = YES_AGGRESSIVE;
				CLANG_CXX_LANGUAGE_STANDARD = "gnu++14";
				CLANG_CXX_LIBRARY = "libc++";
				CLANG_ENABLE_MODULES = YES;
				CLANG_ENABLE_OBJC_ARC = YES;
				CLANG_ENABLE_OBJC_WEAK = YES;
				CLANG_WARN_BLOCK_CAPTURE_AUTORELEASING = YES;
				CLANG_WARN_BOOL_CONVERSION = YES;
				CLANG_WARN_COMMA = YES;
				CLANG_WARN_CONSTANT_CONVERSION = YES;
				CLANG_WARN_DEPRECATED_OBJC_IMPLEMENTATIONS = YES;
				CLANG_WARN_DIRECT_OBJC_ISA_USAGE = YES_ERROR;
				CLANG_WARN_DOCUMENTATION_COMMENTS = YES;
				CLANG_WARN_EMPTY_BODY = YES;
				CLANG_WARN_ENUM_CONVERSION = YES;
				CLANG_WARN_INFINITE_RECURSION = YES;
				CLANG_WARN_INT_CONVERSION = YES;
				CLANG_WARN_NON_LITERAL_NULL_CONVERSION = YES;
				CLANG_WARN_OBJC_IMPLICIT_RETAIN_SELF = YES;
				CLANG_WARN_OBJC_LITERAL_CONVERSION = YES;
				CLANG_WARN_OBJC_ROOT_CLASS = YES_ERROR;
				CLANG_WARN_RANGE_LOOP_ANALYSIS = YES;
				CLANG_WARN_STRICT_PROTOTYPES = YES;
				CLANG_WARN_SUSPICIOUS_MOVE = YES;
				CLANG_WARN_UNGUARDED_AVAILABILITY = YES_AGGRESSIVE;
				CLANG_WARN_UNREACHABLE_CODE = YES;
				CLANG_WARN__DUPLICATE_METHOD_MATCH = YES;
				CODE_SIGN_IDENTITY = "Mac Developer";
				COPY_PHASE_STRIP = NO;
				CURRENT_PROJECT_VERSION = 1;
				DEBUG_INFORMATION_FORMAT = dwarf;
				ENABLE_STRICT_OBJC_MSGSEND = YES;
				ENABLE_TESTABILITY = YES;
				GCC_C_LANGUAGE_STANDARD = gnu11;
				GCC_DYNAMIC_NO_PIC = NO;
				GCC_NO_COMMON_BLOCKS = YES;
				GCC_OPTIMIZATION_LEVEL = 0;
				GCC_PREPROCESSOR_DEFINITIONS = (
					"DEBUG=1",
					"$(inherited)",
				);
				GCC_WARN_64_TO_32_BIT_CONVERSION = YES;
				GCC_WARN_ABOUT_RETURN_TYPE = YES_ERROR;
				GCC_WARN_UNDECLARED_SELECTOR = YES;
				GCC_WARN_UNINITIALIZED_AUTOS = YES_AGGRESSIVE;
				GCC_WARN_UNUSED_FUNCTION = YES;
				GCC_WARN_UNUSED_VARIABLE = YES;
				MACOSX_DEPLOYMENT_TARGET = 10.14;
				MTL_ENABLE_DEBUG_INFO = INCLUDE_SOURCE;
				MTL_FAST_MATH = YES;
				ONLY_ACTIVE_ARCH = YES;
				SDKROOT = macosx;
				SWIFT_ACTIVE_COMPILATION_CONDITIONS = DEBUG;
				SWIFT_OPTIMIZATION_LEVEL = "-Onone";
				VERSIONING_SYSTEM = "apple-generic";
				VERSION_INFO_PREFIX = "";
			};
			name = Debug;
		};
		5DADD44F22DA97AC0065FA92 /* Release */ = {
			isa = XCBuildConfiguration;
			buildSettings = {
				ALWAYS_SEARCH_USER_PATHS = NO;
				CLANG_ANALYZER_NONNULL = YES;
				CLANG_ANALYZER_NUMBER_OBJECT_CONVERSION = YES_AGGRESSIVE;
				CLANG_CXX_LANGUAGE_STANDARD = "gnu++14";
				CLANG_CXX_LIBRARY = "libc++";
				CLANG_ENABLE_MODULES = YES;
				CLANG_ENABLE_OBJC_ARC = YES;
				CLANG_ENABLE_OBJC_WEAK = YES;
				CLANG_WARN_BLOCK_CAPTURE_AUTORELEASING = YES;
				CLANG_WARN_BOOL_CONVERSION = YES;
				CLANG_WARN_COMMA = YES;
				CLANG_WARN_CONSTANT_CONVERSION = YES;
				CLANG_WARN_DEPRECATED_OBJC_IMPLEMENTATIONS = YES;
				CLANG_WARN_DIRECT_OBJC_ISA_USAGE = YES_ERROR;
				CLANG_WARN_DOCUMENTATION_COMMENTS = YES;
				CLANG_WARN_EMPTY_BODY = YES;
				CLANG_WARN_ENUM_CONVERSION = YES;
				CLANG_WARN_INFINITE_RECURSION = YES;
				CLANG_WARN_INT_CONVERSION = YES;
				CLANG_WARN_NON_LITERAL_NULL_CONVERSION = YES;
				CLANG_WARN_OBJC_IMPLICIT_RETAIN_SELF = YES;
				CLANG_WARN_OBJC_LITERAL_CONVERSION = YES;
				CLANG_WARN_OBJC_ROOT_CLASS = YES_ERROR;
				CLANG_WARN_RANGE_LOOP_ANALYSIS = YES;
				CLANG_WARN_STRICT_PROTOTYPES = YES;
				CLANG_WARN_SUSPICIOUS_MOVE = YES;
				CLANG_WARN_UNGUARDED_AVAILABILITY = YES_AGGRESSIVE;
				CLANG_WARN_UNREACHABLE_CODE = YES;
				CLANG_WARN__DUPLICATE_METHOD_MATCH = YES;
				CODE_SIGN_IDENTITY = "Mac Developer";
				COPY_PHASE_STRIP = NO;
				CURRENT_PROJECT_VERSION = 1;
				DEBUG_INFORMATION_FORMAT = "dwarf-with-dsym";
				ENABLE_NS_ASSERTIONS = NO;
				ENABLE_STRICT_OBJC_MSGSEND = YES;
				GCC_C_LANGUAGE_STANDARD = gnu11;
				GCC_NO_COMMON_BLOCKS = YES;
				GCC_WARN_64_TO_32_BIT_CONVERSION = YES;
				GCC_WARN_ABOUT_RETURN_TYPE = YES_ERROR;
				GCC_WARN_UNDECLARED_SELECTOR = YES;
				GCC_WARN_UNINITIALIZED_AUTOS = YES_AGGRESSIVE;
				GCC_WARN_UNUSED_FUNCTION = YES;
				GCC_WARN_UNUSED_VARIABLE = YES;
				MACOSX_DEPLOYMENT_TARGET = 10.14;
				MTL_ENABLE_DEBUG_INFO = NO;
				MTL_FAST_MATH = YES;
				SDKROOT = macosx;
				SWIFT_COMPILATION_MODE = wholemodule;
				SWIFT_OPTIMIZATION_LEVEL = "-O";
				VERSIONING_SYSTEM = "apple-generic";
				VERSION_INFO_PREFIX = "";
			};
			name = Release;
		};
		5DADD45122DA97AC0065FA92 /* Debug */ = {
			isa = XCBuildConfiguration;
			buildSettings = {
				CODE_SIGN_IDENTITY = "";
				CODE_SIGN_STYLE = Automatic;
				COMBINE_HIDPI_IMAGES = YES;
				DEFINES_MODULE = YES;
				DEVELOPMENT_TEAM = E5P894ED53;
				DYLIB_COMPATIBILITY_VERSION = 1;
				DYLIB_CURRENT_VERSION = 1;
				DYLIB_INSTALL_NAME_BASE = "@rpath";
				FRAMEWORK_VERSION = A;
				INFOPLIST_FILE = "Problem 49/Info.plist";
				INSTALL_PATH = "$(LOCAL_LIBRARY_DIR)/Frameworks";
				LD_RUNPATH_SEARCH_PATHS = (
					"$(inherited)",
					"@executable_path/../Frameworks",
					"@loader_path/Frameworks",
				);
				PRODUCT_BUNDLE_IDENTIFIER = "com.sebfct.Problem-49";
				PRODUCT_NAME = "$(TARGET_NAME:c99extidentifier)";
				SKIP_INSTALL = YES;
				SWIFT_VERSION = 5.0;
			};
			name = Debug;
		};
		5DADD45222DA97AC0065FA92 /* Release */ = {
			isa = XCBuildConfiguration;
			buildSettings = {
				CODE_SIGN_IDENTITY = "";
				CODE_SIGN_STYLE = Automatic;
				COMBINE_HIDPI_IMAGES = YES;
				DEFINES_MODULE = YES;
				DEVELOPMENT_TEAM = E5P894ED53;
				DYLIB_COMPATIBILITY_VERSION = 1;
				DYLIB_CURRENT_VERSION = 1;
				DYLIB_INSTALL_NAME_BASE = "@rpath";
				FRAMEWORK_VERSION = A;
				INFOPLIST_FILE = "Problem 49/Info.plist";
				INSTALL_PATH = "$(LOCAL_LIBRARY_DIR)/Frameworks";
				LD_RUNPATH_SEARCH_PATHS = (
					"$(inherited)",
					"@executable_path/../Frameworks",
					"@loader_path/Frameworks",
				);
				PRODUCT_BUNDLE_IDENTIFIER = "com.sebfct.Problem-49";
				PRODUCT_NAME = "$(TARGET_NAME:c99extidentifier)";
				SKIP_INSTALL = YES;
				SWIFT_VERSION = 5.0;
			};
			name = Release;
		};
		5DADD45422DA97AC0065FA92 /* Debug */ = {
			isa = XCBuildConfiguration;
			buildSettings = {
				CODE_SIGN_STYLE = Automatic;
				COMBINE_HIDPI_IMAGES = YES;
				DEVELOPMENT_TEAM = E5P894ED53;
				INFOPLIST_FILE = "Problem 49Tests/Info.plist";
				LD_RUNPATH_SEARCH_PATHS = (
					"$(inherited)",
					"@executable_path/../Frameworks",
					"@loader_path/../Frameworks",
				);
				PRODUCT_BUNDLE_IDENTIFIER = "com.sebfct.Problem-49Tests";
				PRODUCT_NAME = "$(TARGET_NAME)";
				SWIFT_VERSION = 5.0;
			};
			name = Debug;
		};
		5DADD45522DA97AC0065FA92 /* Release */ = {
			isa = XCBuildConfiguration;
			buildSettings = {
				CODE_SIGN_STYLE = Automatic;
				COMBINE_HIDPI_IMAGES = YES;
				DEVELOPMENT_TEAM = E5P894ED53;
				INFOPLIST_FILE = "Problem 49Tests/Info.plist";
				LD_RUNPATH_SEARCH_PATHS = (
					"$(inherited)",
					"@executable_path/../Frameworks",
					"@loader_path/../Frameworks",
				);
				PRODUCT_BUNDLE_IDENTIFIER = "com.sebfct.Problem-49Tests";
				PRODUCT_NAME = "$(TARGET_NAME)";
				SWIFT_VERSION = 5.0;
			};
			name = Release;
		};
/* End XCBuildConfiguration section */

/* Begin XCConfigurationList section */
		5DADD43622DA97AB0065FA92 /* Build configuration list for PBXProject "Problem 49" */ = {
			isa = XCConfigurationList;
			buildConfigurations = (
				5DADD44E22DA97AC0065FA92 /* Debug */,
				5DADD44F22DA97AC0065FA92 /* Release */,
			);
			defaultConfigurationIsVisible = 0;
			defaultConfigurationName = Release;
		};
		5DADD45022DA97AC0065FA92 /* Build configuration list for PBXNativeTarget "Problem 49" */ = {
			isa = XCConfigurationList;
			buildConfigurations = (
				5DADD45122DA97AC0065FA92 /* Debug */,
				5DADD45222DA97AC0065FA92 /* Release */,
			);
			defaultConfigurationIsVisible = 0;
			defaultConfigurationName = Release;
		};
		5DADD45322DA97AC0065FA92 /* Build configuration list for PBXNativeTarget "Problem 49Tests" */ = {
			isa = XCConfigurationList;
			buildConfigurations = (
				5DADD45422DA97AC0065FA92 /* Debug */,
				5DADD45522DA97AC0065FA92 /* Release */,
			);
			defaultConfigurationIsVisible = 0;
			defaultConfigurationName = Release;
		};
/* End XCConfigurationList section */
	};
	rootObject = 5DADD43322DA97AB0065FA92 /* Project object */;
}
