// !$*UTF8*$!
{
	archiveVersion = 1;
	classes = {
	};
	objectVersion = 50;
	objects = {

/* Begin PBXBuildFile section */
		5DD6AC3022BE753C00A96873 /* Problem_26.framework in Frameworks */ = {isa = PBXBuildFile; fileRef = 5DD6AC2622BE753C00A96873 /* Problem_26.framework */; };
		5DD6AC3522BE753C00A96873 /* Problem_26Tests.swift in Sources */ = {isa = PBXBuildFile; fileRef = 5DD6AC3422BE753C00A96873 /* Problem_26Tests.swift */; };
		5DD6AC3722BE753C00A96873 /* Problem_26.h in Headers */ = {isa = PBXBuildFile; fileRef = 5DD6AC2922BE753C00A96873 /* Problem_26.h */; settings = {ATTRIBUTES = (Public, ); }; };
		5DD6AC4122BE7D5600A96873 /* Solution.swift in Sources */ = {isa = PBXBuildFile; fileRef = 5DD6AC4022BE7D5600A96873 /* Solution.swift */; };
/* End PBXBuildFile section */

/* Begin PBXContainerItemProxy section */
		5DD6AC3122BE753C00A96873 /* PBXContainerItemProxy */ = {
			isa = PBXContainerItemProxy;
			containerPortal = 5DD6AC1D22BE753C00A96873 /* Project object */;
			proxyType = 1;
			remoteGlobalIDString = 5DD6AC2522BE753C00A96873;
			remoteInfo = "Problem 26";
		};
/* End PBXContainerItemProxy section */

/* Begin PBXFileReference section */
		5DD6AC2622BE753C00A96873 /* Problem_26.framework */ = {isa = PBXFileReference; explicitFileType = wrapper.framework; includeInIndex = 0; path = Problem_26.framework; sourceTree = BUILT_PRODUCTS_DIR; };
		5DD6AC2922BE753C00A96873 /* Problem_26.h */ = {isa = PBXFileReference; lastKnownFileType = sourcecode.c.h; path = Problem_26.h; sourceTree = "<group>"; };
		5DD6AC2A22BE753C00A96873 /* Info.plist */ = {isa = PBXFileReference; lastKnownFileType = text.plist.xml; path = Info.plist; sourceTree = "<group>"; };
		5DD6AC2F22BE753C00A96873 /* Problem 26Tests.xctest */ = {isa = PBXFileReference; explicitFileType = wrapper.cfbundle; includeInIndex = 0; path = "Problem 26Tests.xctest"; sourceTree = BUILT_PRODUCTS_DIR; };
		5DD6AC3422BE753C00A96873 /* Problem_26Tests.swift */ = {isa = PBXFileReference; lastKnownFileType = sourcecode.swift; path = Problem_26Tests.swift; sourceTree = "<group>"; };
		5DD6AC3622BE753C00A96873 /* Info.plist */ = {isa = PBXFileReference; lastKnownFileType = text.plist.xml; path = Info.plist; sourceTree = "<group>"; };
		5DD6AC4022BE7D5600A96873 /* Solution.swift */ = {isa = PBXFileReference; lastKnownFileType = sourcecode.swift; path = Solution.swift; sourceTree = "<group>"; };
/* End PBXFileReference section */

/* Begin PBXFrameworksBuildPhase section */
		5DD6AC2322BE753C00A96873 /* Frameworks */ = {
			isa = PBXFrameworksBuildPhase;
			buildActionMask = 2147483647;
			files = (
			);
			runOnlyForDeploymentPostprocessing = 0;
		};
		5DD6AC2C22BE753C00A96873 /* Frameworks */ = {
			isa = PBXFrameworksBuildPhase;
			buildActionMask = 2147483647;
			files = (
				5DD6AC3022BE753C00A96873 /* Problem_26.framework in Frameworks */,
			);
			runOnlyForDeploymentPostprocessing = 0;
		};
/* End PBXFrameworksBuildPhase section */

/* Begin PBXGroup section */
		5DD6AC1C22BE753C00A96873 = {
			isa = PBXGroup;
			children = (
				5DD6AC2822BE753C00A96873 /* Problem 26 */,
				5DD6AC3322BE753C00A96873 /* Problem 26Tests */,
				5DD6AC2722BE753C00A96873 /* Products */,
			);
			sourceTree = "<group>";
		};
		5DD6AC2722BE753C00A96873 /* Products */ = {
			isa = PBXGroup;
			children = (
				5DD6AC2622BE753C00A96873 /* Problem_26.framework */,
				5DD6AC2F22BE753C00A96873 /* Problem 26Tests.xctest */,
			);
			name = Products;
			sourceTree = "<group>";
		};
		5DD6AC2822BE753C00A96873 /* Problem 26 */ = {
			isa = PBXGroup;
			children = (
				5DD6AC2922BE753C00A96873 /* Problem_26.h */,
				5DD6AC2A22BE753C00A96873 /* Info.plist */,
				5DD6AC4022BE7D5600A96873 /* Solution.swift */,
			);
			path = "Problem 26";
			sourceTree = "<group>";
		};
		5DD6AC3322BE753C00A96873 /* Problem 26Tests */ = {
			isa = PBXGroup;
			children = (
				5DD6AC3422BE753C00A96873 /* Problem_26Tests.swift */,
				5DD6AC3622BE753C00A96873 /* Info.plist */,
			);
			path = "Problem 26Tests";
			sourceTree = "<group>";
		};
/* End PBXGroup section */

/* Begin PBXHeadersBuildPhase section */
		5DD6AC2122BE753C00A96873 /* Headers */ = {
			isa = PBXHeadersBuildPhase;
			buildActionMask = 2147483647;
			files = (
				5DD6AC3722BE753C00A96873 /* Problem_26.h in Headers */,
			);
			runOnlyForDeploymentPostprocessing = 0;
		};
/* End PBXHeadersBuildPhase section */

/* Begin PBXNativeTarget section */
		5DD6AC2522BE753C00A96873 /* Problem 26 */ = {
			isa = PBXNativeTarget;
			buildConfigurationList = 5DD6AC3A22BE753C00A96873 /* Build configuration list for PBXNativeTarget "Problem 26" */;
			buildPhases = (
				5DD6AC2122BE753C00A96873 /* Headers */,
				5DD6AC2222BE753C00A96873 /* Sources */,
				5DD6AC2322BE753C00A96873 /* Frameworks */,
				5DD6AC2422BE753C00A96873 /* Resources */,
			);
			buildRules = (
			);
			dependencies = (
			);
			name = "Problem 26";
			productName = "Problem 26";
			productReference = 5DD6AC2622BE753C00A96873 /* Problem_26.framework */;
			productType = "com.apple.product-type.framework";
		};
		5DD6AC2E22BE753C00A96873 /* Problem 26Tests */ = {
			isa = PBXNativeTarget;
			buildConfigurationList = 5DD6AC3D22BE753C00A96873 /* Build configuration list for PBXNativeTarget "Problem 26Tests" */;
			buildPhases = (
				5DD6AC2B22BE753C00A96873 /* Sources */,
				5DD6AC2C22BE753C00A96873 /* Frameworks */,
				5DD6AC2D22BE753C00A96873 /* Resources */,
			);
			buildRules = (
			);
			dependencies = (
				5DD6AC3222BE753C00A96873 /* PBXTargetDependency */,
			);
			name = "Problem 26Tests";
			productName = "Problem 26Tests";
			productReference = 5DD6AC2F22BE753C00A96873 /* Problem 26Tests.xctest */;
			productType = "com.apple.product-type.bundle.unit-test";
		};
/* End PBXNativeTarget section */

/* Begin PBXProject section */
		5DD6AC1D22BE753C00A96873 /* Project object */ = {
			isa = PBXProject;
			attributes = {
				LastSwiftUpdateCheck = 1020;
				LastUpgradeCheck = 1020;
				ORGANIZATIONNAME = "sebastien FOCK CHOW THO";
				TargetAttributes = {
					5DD6AC2522BE753C00A96873 = {
						CreatedOnToolsVersion = 10.2.1;
						LastSwiftMigration = 1020;
					};
					5DD6AC2E22BE753C00A96873 = {
						CreatedOnToolsVersion = 10.2.1;
					};
				};
			};
			buildConfigurationList = 5DD6AC2022BE753C00A96873 /* Build configuration list for PBXProject "Problem 26" */;
			compatibilityVersion = "Xcode 9.3";
			developmentRegion = en;
			hasScannedForEncodings = 0;
			knownRegions = (
				en,
			);
			mainGroup = 5DD6AC1C22BE753C00A96873;
			productRefGroup = 5DD6AC2722BE753C00A96873 /* Products */;
			projectDirPath = "";
			projectRoot = "";
			targets = (
				5DD6AC2522BE753C00A96873 /* Problem 26 */,
				5DD6AC2E22BE753C00A96873 /* Problem 26Tests */,
			);
		};
/* End PBXProject section */

/* Begin PBXResourcesBuildPhase section */
		5DD6AC2422BE753C00A96873 /* Resources */ = {
			isa = PBXResourcesBuildPhase;
			buildActionMask = 2147483647;
			files = (
			);
			runOnlyForDeploymentPostprocessing = 0;
		};
		5DD6AC2D22BE753C00A96873 /* Resources */ = {
			isa = PBXResourcesBuildPhase;
			buildActionMask = 2147483647;
			files = (
			);
			runOnlyForDeploymentPostprocessing = 0;
		};
/* End PBXResourcesBuildPhase section */

/* Begin PBXSourcesBuildPhase section */
		5DD6AC2222BE753C00A96873 /* Sources */ = {
			isa = PBXSourcesBuildPhase;
			buildActionMask = 2147483647;
			files = (
				5DD6AC4122BE7D5600A96873 /* Solution.swift in Sources */,
			);
			runOnlyForDeploymentPostprocessing = 0;
		};
		5DD6AC2B22BE753C00A96873 /* Sources */ = {
			isa = PBXSourcesBuildPhase;
			buildActionMask = 2147483647;
			files = (
				5DD6AC3522BE753C00A96873 /* Problem_26Tests.swift in Sources */,
			);
			runOnlyForDeploymentPostprocessing = 0;
		};
/* End PBXSourcesBuildPhase section */

/* Begin PBXTargetDependency section */
		5DD6AC3222BE753C00A96873 /* PBXTargetDependency */ = {
			isa = PBXTargetDependency;
			target = 5DD6AC2522BE753C00A96873 /* Problem 26 */;
			targetProxy = 5DD6AC3122BE753C00A96873 /* PBXContainerItemProxy */;
		};
/* End PBXTargetDependency section */

/* Begin XCBuildConfiguration section */
		5DD6AC3822BE753C00A96873 /* Debug */ = {
			isa = XCBuildConfiguration;
			buildSettings = {
				ALWAYS_SEARCH_USER_PATHS = NO;
				CLANG_ANALYZER_NONNULL = YES;
				CLANG_ANALYZER_NUMBER_OBJECT_CONVERSION = YES_AGGRESSIVE;
				CLANG_CXX_LANGUAGE_STANDARD = "gnu++14";
				CLANG_CXX_LIBRARY = "libc++";
				CLANG_ENABLE_MODULES = YES;
				CLANG_ENABLE_OBJC_ARC = YES;
				CLANG_ENABLE_OBJC_WEAK = YES;
				CLANG_WARN_BLOCK_CAPTURE_AUTORELEASING = YES;
				CLANG_WARN_BOOL_CONVERSION = YES;
				CLANG_WARN_COMMA = YES;
				CLANG_WARN_CONSTANT_CONVERSION = YES;
				CLANG_WARN_DEPRECATED_OBJC_IMPLEMENTATIONS = YES;
				CLANG_WARN_DIRECT_OBJC_ISA_USAGE = YES_ERROR;
				CLANG_WARN_DOCUMENTATION_COMMENTS = YES;
				CLANG_WARN_EMPTY_BODY = YES;
				CLANG_WARN_ENUM_CONVERSION = YES;
				CLANG_WARN_INFINITE_RECURSION = YES;
				CLANG_WARN_INT_CONVERSION = YES;
				CLANG_WARN_NON_LITERAL_NULL_CONVERSION = YES;
				CLANG_WARN_OBJC_IMPLICIT_RETAIN_SELF = YES;
				CLANG_WARN_OBJC_LITERAL_CONVERSION = YES;
				CLANG_WARN_OBJC_ROOT_CLASS = YES_ERROR;
				CLANG_WARN_RANGE_LOOP_ANALYSIS = YES;
				CLANG_WARN_STRICT_PROTOTYPES = YES;
				CLANG_WARN_SUSPICIOUS_MOVE = YES;
				CLANG_WARN_UNGUARDED_AVAILABILITY = YES_AGGRESSIVE;
				CLANG_WARN_UNREACHABLE_CODE = YES;
				CLANG_WARN__DUPLICATE_METHOD_MATCH = YES;
				CODE_SIGN_IDENTITY = "Mac Developer";
				COPY_PHASE_STRIP = NO;
				CURRENT_PROJECT_VERSION = 1;
				DEBUG_INFORMATION_FORMAT = dwarf;
				ENABLE_STRICT_OBJC_MSGSEND = YES;
				ENABLE_TESTABILITY = YES;
				GCC_C_LANGUAGE_STANDARD = gnu11;
				GCC_DYNAMIC_NO_PIC = NO;
				GCC_NO_COMMON_BLOCKS = YES;
				GCC_OPTIMIZATION_LEVEL = 0;
				GCC_PREPROCESSOR_DEFINITIONS = (
					"DEBUG=1",
					"$(inherited)",
				);
				GCC_WARN_64_TO_32_BIT_CONVERSION = YES;
				GCC_WARN_ABOUT_RETURN_TYPE = YES_ERROR;
				GCC_WARN_UNDECLARED_SELECTOR = YES;
				GCC_WARN_UNINITIALIZED_AUTOS = YES_AGGRESSIVE;
				GCC_WARN_UNUSED_FUNCTION = YES;
				GCC_WARN_UNUSED_VARIABLE = YES;
				MACOSX_DEPLOYMENT_TARGET = 10.14;
				MTL_ENABLE_DEBUG_INFO = INCLUDE_SOURCE;
				MTL_FAST_MATH = YES;
				ONLY_ACTIVE_ARCH = YES;
				SDKROOT = macosx;
				SWIFT_ACTIVE_COMPILATION_CONDITIONS = DEBUG;
				SWIFT_OPTIMIZATION_LEVEL = "-Onone";
				VERSIONING_SYSTEM = "apple-generic";
				VERSION_INFO_PREFIX = "";
			};
			name = Debug;
		};
		5DD6AC3922BE753C00A96873 /* Release */ = {
			isa = XCBuildConfiguration;
			buildSettings = {
				ALWAYS_SEARCH_USER_PATHS = NO;
				CLANG_ANALYZER_NONNULL = YES;
				CLANG_ANALYZER_NUMBER_OBJECT_CONVERSION = YES_AGGRESSIVE;
				CLANG_CXX_LANGUAGE_STANDARD = "gnu++14";
				CLANG_CXX_LIBRARY = "libc++";
				CLANG_ENABLE_MODULES = YES;
				CLANG_ENABLE_OBJC_ARC = YES;
				CLANG_ENABLE_OBJC_WEAK = YES;
				CLANG_WARN_BLOCK_CAPTURE_AUTORELEASING = YES;
				CLANG_WARN_BOOL_CONVERSION = YES;
				CLANG_WARN_COMMA = YES;
				CLANG_WARN_CONSTANT_CONVERSION = YES;
				CLANG_WARN_DEPRECATED_OBJC_IMPLEMENTATIONS = YES;
				CLANG_WARN_DIRECT_OBJC_ISA_USAGE = YES_ERROR;
				CLANG_WARN_DOCUMENTATION_COMMENTS = YES;
				CLANG_WARN_EMPTY_BODY = YES;
				CLANG_WARN_ENUM_CONVERSION = YES;
				CLANG_WARN_INFINITE_RECURSION = YES;
				CLANG_WARN_INT_CONVERSION = YES;
				CLANG_WARN_NON_LITERAL_NULL_CONVERSION = YES;
				CLANG_WARN_OBJC_IMPLICIT_RETAIN_SELF = YES;
				CLANG_WARN_OBJC_LITERAL_CONVERSION = YES;
				CLANG_WARN_OBJC_ROOT_CLASS = YES_ERROR;
				CLANG_WARN_RANGE_LOOP_ANALYSIS = YES;
				CLANG_WARN_STRICT_PROTOTYPES = YES;
				CLANG_WARN_SUSPICIOUS_MOVE = YES;
				CLANG_WARN_UNGUARDED_AVAILABILITY = YES_AGGRESSIVE;
				CLANG_WARN_UNREACHABLE_CODE = YES;
				CLANG_WARN__DUPLICATE_METHOD_MATCH = YES;
				CODE_SIGN_IDENTITY = "Mac Developer";
				COPY_PHASE_STRIP = NO;
				CURRENT_PROJECT_VERSION = 1;
				DEBUG_INFORMATION_FORMAT = "dwarf-with-dsym";
				ENABLE_NS_ASSERTIONS = NO;
				ENABLE_STRICT_OBJC_MSGSEND = YES;
				GCC_C_LANGUAGE_STANDARD = gnu11;
				GCC_NO_COMMON_BLOCKS = YES;
				GCC_WARN_64_TO_32_BIT_CONVERSION = YES;
				GCC_WARN_ABOUT_RETURN_TYPE = YES_ERROR;
				GCC_WARN_UNDECLARED_SELECTOR = YES;
				GCC_WARN_UNINITIALIZED_AUTOS = YES_AGGRESSIVE;
				GCC_WARN_UNUSED_FUNCTION = YES;
				GCC_WARN_UNUSED_VARIABLE = YES;
				MACOSX_DEPLOYMENT_TARGET = 10.14;
				MTL_ENABLE_DEBUG_INFO = NO;
				MTL_FAST_MATH = YES;
				SDKROOT = macosx;
				SWIFT_COMPILATION_MODE = wholemodule;
				SWIFT_OPTIMIZATION_LEVEL = "-O";
				VERSIONING_SYSTEM = "apple-generic";
				VERSION_INFO_PREFIX = "";
			};
			name = Release;
		};
		5DD6AC3B22BE753C00A96873 /* Debug */ = {
			isa = XCBuildConfiguration;
			buildSettings = {
				CLANG_ENABLE_MODULES = YES;
				CODE_SIGN_IDENTITY = "";
				CODE_SIGN_STYLE = Automatic;
				COMBINE_HIDPI_IMAGES = YES;
				DEFINES_MODULE = YES;
				DEVELOPMENT_TEAM = E5P894ED53;
				DYLIB_COMPATIBILITY_VERSION = 1;
				DYLIB_CURRENT_VERSION = 1;
				DYLIB_INSTALL_NAME_BASE = "@rpath";
				FRAMEWORK_VERSION = A;
				INFOPLIST_FILE = "Problem 26/Info.plist";
				INSTALL_PATH = "$(LOCAL_LIBRARY_DIR)/Frameworks";
				LD_RUNPATH_SEARCH_PATHS = (
					"$(inherited)",
					"@executable_path/../Frameworks",
					"@loader_path/Frameworks",
				);
				PRODUCT_BUNDLE_IDENTIFIER = "com.sebfct.Problem-26";
				PRODUCT_NAME = "$(TARGET_NAME:c99extidentifier)";
				SKIP_INSTALL = YES;
				SWIFT_OPTIMIZATION_LEVEL = "-Onone";
				SWIFT_VERSION = 5.0;
			};
			name = Debug;
		};
		5DD6AC3C22BE753C00A96873 /* Release */ = {
			isa = XCBuildConfiguration;
			buildSettings = {
				CLANG_ENABLE_MODULES = YES;
				CODE_SIGN_IDENTITY = "";
				CODE_SIGN_STYLE = Automatic;
				COMBINE_HIDPI_IMAGES = YES;
				DEFINES_MODULE = YES;
				DEVELOPMENT_TEAM = E5P894ED53;
				DYLIB_COMPATIBILITY_VERSION = 1;
				DYLIB_CURRENT_VERSION = 1;
				DYLIB_INSTALL_NAME_BASE = "@rpath";
				FRAMEWORK_VERSION = A;
				INFOPLIST_FILE = "Problem 26/Info.plist";
				INSTALL_PATH = "$(LOCAL_LIBRARY_DIR)/Frameworks";
				LD_RUNPATH_SEARCH_PATHS = (
					"$(inherited)",
					"@executable_path/../Frameworks",
					"@loader_path/Frameworks",
				);
				PRODUCT_BUNDLE_IDENTIFIER = "com.sebfct.Problem-26";
				PRODUCT_NAME = "$(TARGET_NAME:c99extidentifier)";
				SKIP_INSTALL = YES;
				SWIFT_VERSION = 5.0;
			};
			name = Release;
		};
		5DD6AC3E22BE753C00A96873 /* Debug */ = {
			isa = XCBuildConfiguration;
			buildSettings = {
				ALWAYS_EMBED_SWIFT_STANDARD_LIBRARIES = YES;
				CODE_SIGN_STYLE = Automatic;
				COMBINE_HIDPI_IMAGES = YES;
				DEVELOPMENT_TEAM = E5P894ED53;
				INFOPLIST_FILE = "Problem 26Tests/Info.plist";
				LD_RUNPATH_SEARCH_PATHS = (
					"$(inherited)",
					"@executable_path/../Frameworks",
					"@loader_path/../Frameworks",
				);
				PRODUCT_BUNDLE_IDENTIFIER = "com.sebfct.Problem-26Tests";
				PRODUCT_NAME = "$(TARGET_NAME)";
				SWIFT_VERSION = 5.0;
			};
			name = Debug;
		};
		5DD6AC3F22BE753C00A96873 /* Release */ = {
			isa = XCBuildConfiguration;
			buildSettings = {
				ALWAYS_EMBED_SWIFT_STANDARD_LIBRARIES = YES;
				CODE_SIGN_STYLE = Automatic;
				COMBINE_HIDPI_IMAGES = YES;
				DEVELOPMENT_TEAM = E5P894ED53;
				INFOPLIST_FILE = "Problem 26Tests/Info.plist";
				LD_RUNPATH_SEARCH_PATHS = (
					"$(inherited)",
					"@executable_path/../Frameworks",
					"@loader_path/../Frameworks",
				);
				PRODUCT_BUNDLE_IDENTIFIER = "com.sebfct.Problem-26Tests";
				PRODUCT_NAME = "$(TARGET_NAME)";
				SWIFT_VERSION = 5.0;
			};
			name = Release;
		};
/* End XCBuildConfiguration section */

/* Begin XCConfigurationList section */
		5DD6AC2022BE753C00A96873 /* Build configuration list for PBXProject "Problem 26" */ = {
			isa = XCConfigurationList;
			buildConfigurations = (
				5DD6AC3822BE753C00A96873 /* Debug */,
				5DD6AC3922BE753C00A96873 /* Release */,
			);
			defaultConfigurationIsVisible = 0;
			defaultConfigurationName = Release;
		};
		5DD6AC3A22BE753C00A96873 /* Build configuration list for PBXNativeTarget "Problem 26" */ = {
			isa = XCConfigurationList;
			buildConfigurations = (
				5DD6AC3B22BE753C00A96873 /* Debug */,
				5DD6AC3C22BE753C00A96873 /* Release */,
			);
			defaultConfigurationIsVisible = 0;
			defaultConfigurationName = Release;
		};
		5DD6AC3D22BE753C00A96873 /* Build configuration list for PBXNativeTarget "Problem 26Tests" */ = {
			isa = XCConfigurationList;
			buildConfigurations = (
				5DD6AC3E22BE753C00A96873 /* Debug */,
				5DD6AC3F22BE753C00A96873 /* Release */,
			);
			defaultConfigurationIsVisible = 0;
			defaultConfigurationName = Release;
		};
/* End XCConfigurationList section */
	};
	rootObject = 5DD6AC1D22BE753C00A96873 /* Project object */;
}
