// !$*UTF8*$!
{
	archiveVersion = 1;
	classes = {
	};
	objectVersion = 50;
	objects = {

/* Begin PBXBuildFile section */
		5D90B6FC23C04244006DEA56 /* Problem_223.framework in Frameworks */ = {isa = PBXBuildFile; fileRef = 5D90B6F223C04243006DEA56 /* Problem_223.framework */; };
		5D90B70123C04244006DEA56 /* Problem_223Tests.swift in Sources */ = {isa = PBXBuildFile; fileRef = 5D90B70023C04244006DEA56 /* Problem_223Tests.swift */; };
		5D90B70323C04244006DEA56 /* Problem_223.h in Headers */ = {isa = PBXBuildFile; fileRef = 5D90B6F523C04243006DEA56 /* Problem_223.h */; settings = {ATTRIBUTES = (Public, ); }; };
/* End PBXBuildFile section */

/* Begin PBXContainerItemProxy section */
		5D90B6FD23C04244006DEA56 /* PBXContainerItemProxy */ = {
			isa = PBXContainerItemProxy;
			containerPortal = 5D90B6E923C04243006DEA56 /* Project object */;
			proxyType = 1;
			remoteGlobalIDString = 5D90B6F123C04243006DEA56;
			remoteInfo = "Problem 223";
		};
/* End PBXContainerItemProxy section */

/* Begin PBXFileReference section */
		5D90B6F223C04243006DEA56 /* Problem_223.framework */ = {isa = PBXFileReference; explicitFileType = wrapper.framework; includeInIndex = 0; path = Problem_223.framework; sourceTree = BUILT_PRODUCTS_DIR; };
		5D90B6F523C04243006DEA56 /* Problem_223.h */ = {isa = PBXFileReference; lastKnownFileType = sourcecode.c.h; path = Problem_223.h; sourceTree = "<group>"; };
		5D90B6F623C04243006DEA56 /* Info.plist */ = {isa = PBXFileReference; lastKnownFileType = text.plist.xml; path = Info.plist; sourceTree = "<group>"; };
		5D90B6FB23C04244006DEA56 /* Problem 223Tests.xctest */ = {isa = PBXFileReference; explicitFileType = wrapper.cfbundle; includeInIndex = 0; path = "Problem 223Tests.xctest"; sourceTree = BUILT_PRODUCTS_DIR; };
		5D90B70023C04244006DEA56 /* Problem_223Tests.swift */ = {isa = PBXFileReference; lastKnownFileType = sourcecode.swift; path = Problem_223Tests.swift; sourceTree = "<group>"; };
		5D90B70223C04244006DEA56 /* Info.plist */ = {isa = PBXFileReference; lastKnownFileType = text.plist.xml; path = Info.plist; sourceTree = "<group>"; };
/* End PBXFileReference section */

/* Begin PBXFrameworksBuildPhase section */
		5D90B6EF23C04243006DEA56 /* Frameworks */ = {
			isa = PBXFrameworksBuildPhase;
			buildActionMask = 2147483647;
			files = (
			);
			runOnlyForDeploymentPostprocessing = 0;
		};
		5D90B6F823C04244006DEA56 /* Frameworks */ = {
			isa = PBXFrameworksBuildPhase;
			buildActionMask = 2147483647;
			files = (
				5D90B6FC23C04244006DEA56 /* Problem_223.framework in Frameworks */,
			);
			runOnlyForDeploymentPostprocessing = 0;
		};
/* End PBXFrameworksBuildPhase section */

/* Begin PBXGroup section */
		5D90B6E823C04243006DEA56 = {
			isa = PBXGroup;
			children = (
				5D90B6F423C04243006DEA56 /* Problem 223 */,
				5D90B6FF23C04244006DEA56 /* Problem 223Tests */,
				5D90B6F323C04243006DEA56 /* Products */,
			);
			sourceTree = "<group>";
		};
		5D90B6F323C04243006DEA56 /* Products */ = {
			isa = PBXGroup;
			children = (
				5D90B6F223C04243006DEA56 /* Problem_223.framework */,
				5D90B6FB23C04244006DEA56 /* Problem 223Tests.xctest */,
			);
			name = Products;
			sourceTree = "<group>";
		};
		5D90B6F423C04243006DEA56 /* Problem 223 */ = {
			isa = PBXGroup;
			children = (
				5D90B6F523C04243006DEA56 /* Problem_223.h */,
				5D90B6F623C04243006DEA56 /* Info.plist */,
			);
			path = "Problem 223";
			sourceTree = "<group>";
		};
		5D90B6FF23C04244006DEA56 /* Problem 223Tests */ = {
			isa = PBXGroup;
			children = (
				5D90B70023C04244006DEA56 /* Problem_223Tests.swift */,
				5D90B70223C04244006DEA56 /* Info.plist */,
			);
			path = "Problem 223Tests";
			sourceTree = "<group>";
		};
/* End PBXGroup section */

/* Begin PBXHeadersBuildPhase section */
		5D90B6ED23C04243006DEA56 /* Headers */ = {
			isa = PBXHeadersBuildPhase;
			buildActionMask = 2147483647;
			files = (
				5D90B70323C04244006DEA56 /* Problem_223.h in Headers */,
			);
			runOnlyForDeploymentPostprocessing = 0;
		};
/* End PBXHeadersBuildPhase section */

/* Begin PBXNativeTarget section */
		5D90B6F123C04243006DEA56 /* Problem 223 */ = {
			isa = PBXNativeTarget;
			buildConfigurationList = 5D90B70623C04244006DEA56 /* Build configuration list for PBXNativeTarget "Problem 223" */;
			buildPhases = (
				5D90B6ED23C04243006DEA56 /* Headers */,
				5D90B6EE23C04243006DEA56 /* Sources */,
				5D90B6EF23C04243006DEA56 /* Frameworks */,
				5D90B6F023C04243006DEA56 /* Resources */,
			);
			buildRules = (
			);
			dependencies = (
			);
			name = "Problem 223";
			productName = "Problem 223";
			productReference = 5D90B6F223C04243006DEA56 /* Problem_223.framework */;
			productType = "com.apple.product-type.framework";
		};
		5D90B6FA23C04244006DEA56 /* Problem 223Tests */ = {
			isa = PBXNativeTarget;
			buildConfigurationList = 5D90B70923C04244006DEA56 /* Build configuration list for PBXNativeTarget "Problem 223Tests" */;
			buildPhases = (
				5D90B6F723C04244006DEA56 /* Sources */,
				5D90B6F823C04244006DEA56 /* Frameworks */,
				5D90B6F923C04244006DEA56 /* Resources */,
			);
			buildRules = (
			);
			dependencies = (
				5D90B6FE23C04244006DEA56 /* PBXTargetDependency */,
			);
			name = "Problem 223Tests";
			productName = "Problem 223Tests";
			productReference = 5D90B6FB23C04244006DEA56 /* Problem 223Tests.xctest */;
			productType = "com.apple.product-type.bundle.unit-test";
		};
/* End PBXNativeTarget section */

/* Begin PBXProject section */
		5D90B6E923C04243006DEA56 /* Project object */ = {
			isa = PBXProject;
			attributes = {
				LastSwiftUpdateCheck = 1130;
				LastUpgradeCheck = 1130;
				ORGANIZATIONNAME = "sebastien FOCK CHOW THO";
				TargetAttributes = {
					5D90B6F123C04243006DEA56 = {
						CreatedOnToolsVersion = 11.3;
					};
					5D90B6FA23C04244006DEA56 = {
						CreatedOnToolsVersion = 11.3;
					};
				};
			};
			buildConfigurationList = 5D90B6EC23C04243006DEA56 /* Build configuration list for PBXProject "Problem 223" */;
			compatibilityVersion = "Xcode 9.3";
			developmentRegion = en;
			hasScannedForEncodings = 0;
			knownRegions = (
				en,
				Base,
			);
			mainGroup = 5D90B6E823C04243006DEA56;
			productRefGroup = 5D90B6F323C04243006DEA56 /* Products */;
			projectDirPath = "";
			projectRoot = "";
			targets = (
				5D90B6F123C04243006DEA56 /* Problem 223 */,
				5D90B6FA23C04244006DEA56 /* Problem 223Tests */,
			);
		};
/* End PBXProject section */

/* Begin PBXResourcesBuildPhase section */
		5D90B6F023C04243006DEA56 /* Resources */ = {
			isa = PBXResourcesBuildPhase;
			buildActionMask = 2147483647;
			files = (
			);
			runOnlyForDeploymentPostprocessing = 0;
		};
		5D90B6F923C04244006DEA56 /* Resources */ = {
			isa = PBXResourcesBuildPhase;
			buildActionMask = 2147483647;
			files = (
			);
			runOnlyForDeploymentPostprocessing = 0;
		};
/* End PBXResourcesBuildPhase section */

/* Begin PBXSourcesBuildPhase section */
		5D90B6EE23C04243006DEA56 /* Sources */ = {
			isa = PBXSourcesBuildPhase;
			buildActionMask = 2147483647;
			files = (
			);
			runOnlyForDeploymentPostprocessing = 0;
		};
		5D90B6F723C04244006DEA56 /* Sources */ = {
			isa = PBXSourcesBuildPhase;
			buildActionMask = 2147483647;
			files = (
				5D90B70123C04244006DEA56 /* Problem_223Tests.swift in Sources */,
			);
			runOnlyForDeploymentPostprocessing = 0;
		};
/* End PBXSourcesBuildPhase section */

/* Begin PBXTargetDependency section */
		5D90B6FE23C04244006DEA56 /* PBXTargetDependency */ = {
			isa = PBXTargetDependency;
			target = 5D90B6F123C04243006DEA56 /* Problem 223 */;
			targetProxy = 5D90B6FD23C04244006DEA56 /* PBXContainerItemProxy */;
		};
/* End PBXTargetDependency section */

/* Begin XCBuildConfiguration section */
		5D90B70423C04244006DEA56 /* Debug */ = {
			isa = XCBuildConfiguration;
			buildSettings = {
				ALWAYS_SEARCH_USER_PATHS = NO;
				CLANG_ANALYZER_NONNULL = YES;
				CLANG_ANALYZER_NUMBER_OBJECT_CONVERSION = YES_AGGRESSIVE;
				CLANG_CXX_LANGUAGE_STANDARD = "gnu++14";
				CLANG_CXX_LIBRARY = "libc++";
				CLANG_ENABLE_MODULES = YES;
				CLANG_ENABLE_OBJC_ARC = YES;
				CLANG_ENABLE_OBJC_WEAK = YES;
				CLANG_WARN_BLOCK_CAPTURE_AUTORELEASING = YES;
				CLANG_WARN_BOOL_CONVERSION = YES;
				CLANG_WARN_COMMA = YES;
				CLANG_WARN_CONSTANT_CONVERSION = YES;
				CLANG_WARN_DEPRECATED_OBJC_IMPLEMENTATIONS = YES;
				CLANG_WARN_DIRECT_OBJC_ISA_USAGE = YES_ERROR;
				CLANG_WARN_DOCUMENTATION_COMMENTS = YES;
				CLANG_WARN_EMPTY_BODY = YES;
				CLANG_WARN_ENUM_CONVERSION = YES;
				CLANG_WARN_INFINITE_RECURSION = YES;
				CLANG_WARN_INT_CONVERSION = YES;
				CLANG_WARN_NON_LITERAL_NULL_CONVERSION = YES;
				CLANG_WARN_OBJC_IMPLICIT_RETAIN_SELF = YES;
				CLANG_WARN_OBJC_LITERAL_CONVERSION = YES;
				CLANG_WARN_OBJC_ROOT_CLASS = YES_ERROR;
				CLANG_WARN_RANGE_LOOP_ANALYSIS = YES;
				CLANG_WARN_STRICT_PROTOTYPES = YES;
				CLANG_WARN_SUSPICIOUS_MOVE = YES;
				CLANG_WARN_UNGUARDED_AVAILABILITY = YES_AGGRESSIVE;
				CLANG_WARN_UNREACHABLE_CODE = YES;
				CLANG_WARN__DUPLICATE_METHOD_MATCH = YES;
				COPY_PHASE_STRIP = NO;
				CURRENT_PROJECT_VERSION = 1;
				DEBUG_INFORMATION_FORMAT = dwarf;
				ENABLE_STRICT_OBJC_MSGSEND = YES;
				ENABLE_TESTABILITY = YES;
				GCC_C_LANGUAGE_STANDARD = gnu11;
				GCC_DYNAMIC_NO_PIC = NO;
				GCC_NO_COMMON_BLOCKS = YES;
				GCC_OPTIMIZATION_LEVEL = 0;
				GCC_PREPROCESSOR_DEFINITIONS = (
					"DEBUG=1",
					"$(inherited)",
				);
				GCC_WARN_64_TO_32_BIT_CONVERSION = YES;
				GCC_WARN_ABOUT_RETURN_TYPE = YES_ERROR;
				GCC_WARN_UNDECLARED_SELECTOR = YES;
				GCC_WARN_UNINITIALIZED_AUTOS = YES_AGGRESSIVE;
				GCC_WARN_UNUSED_FUNCTION = YES;
				GCC_WARN_UNUSED_VARIABLE = YES;
				MACOSX_DEPLOYMENT_TARGET = 10.15;
				MTL_ENABLE_DEBUG_INFO = INCLUDE_SOURCE;
				MTL_FAST_MATH = YES;
				ONLY_ACTIVE_ARCH = YES;
				SDKROOT = macosx;
				SWIFT_ACTIVE_COMPILATION_CONDITIONS = DEBUG;
				SWIFT_OPTIMIZATION_LEVEL = "-Onone";
				VERSIONING_SYSTEM = "apple-generic";
				VERSION_INFO_PREFIX = "";
			};
			name = Debug;
		};
		5D90B70523C04244006DEA56 /* Release */ = {
			isa = XCBuildConfiguration;
			buildSettings = {
				ALWAYS_SEARCH_USER_PATHS = NO;
				CLANG_ANALYZER_NONNULL = YES;
				CLANG_ANALYZER_NUMBER_OBJECT_CONVERSION = YES_AGGRESSIVE;
				CLANG_CXX_LANGUAGE_STANDARD = "gnu++14";
				CLANG_CXX_LIBRARY = "libc++";
				CLANG_ENABLE_MODULES = YES;
				CLANG_ENABLE_OBJC_ARC = YES;
				CLANG_ENABLE_OBJC_WEAK = YES;
				CLANG_WARN_BLOCK_CAPTURE_AUTORELEASING = YES;
				CLANG_WARN_BOOL_CONVERSION = YES;
				CLANG_WARN_COMMA = YES;
				CLANG_WARN_CONSTANT_CONVERSION = YES;
				CLANG_WARN_DEPRECATED_OBJC_IMPLEMENTATIONS = YES;
				CLANG_WARN_DIRECT_OBJC_ISA_USAGE = YES_ERROR;
				CLANG_WARN_DOCUMENTATION_COMMENTS = YES;
				CLANG_WARN_EMPTY_BODY = YES;
				CLANG_WARN_ENUM_CONVERSION = YES;
				CLANG_WARN_INFINITE_RECURSION = YES;
				CLANG_WARN_INT_CONVERSION = YES;
				CLANG_WARN_NON_LITERAL_NULL_CONVERSION = YES;
				CLANG_WARN_OBJC_IMPLICIT_RETAIN_SELF = YES;
				CLANG_WARN_OBJC_LITERAL_CONVERSION = YES;
				CLANG_WARN_OBJC_ROOT_CLASS = YES_ERROR;
				CLANG_WARN_RANGE_LOOP_ANALYSIS = YES;
				CLANG_WARN_STRICT_PROTOTYPES = YES;
				CLANG_WARN_SUSPICIOUS_MOVE = YES;
				CLANG_WARN_UNGUARDED_AVAILABILITY = YES_AGGRESSIVE;
				CLANG_WARN_UNREACHABLE_CODE = YES;
				CLANG_WARN__DUPLICATE_METHOD_MATCH = YES;
				COPY_PHASE_STRIP = NO;
				CURRENT_PROJECT_VERSION = 1;
				DEBUG_INFORMATION_FORMAT = "dwarf-with-dsym";
				ENABLE_NS_ASSERTIONS = NO;
				ENABLE_STRICT_OBJC_MSGSEND = YES;
				GCC_C_LANGUAGE_STANDARD = gnu11;
				GCC_NO_COMMON_BLOCKS = YES;
				GCC_WARN_64_TO_32_BIT_CONVERSION = YES;
				GCC_WARN_ABOUT_RETURN_TYPE = YES_ERROR;
				GCC_WARN_UNDECLARED_SELECTOR = YES;
				GCC_WARN_UNINITIALIZED_AUTOS = YES_AGGRESSIVE;
				GCC_WARN_UNUSED_FUNCTION = YES;
				GCC_WARN_UNUSED_VARIABLE = YES;
				MACOSX_DEPLOYMENT_TARGET = 10.15;
				MTL_ENABLE_DEBUG_INFO = NO;
				MTL_FAST_MATH = YES;
				SDKROOT = macosx;
				SWIFT_COMPILATION_MODE = wholemodule;
				SWIFT_OPTIMIZATION_LEVEL = "-O";
				VERSIONING_SYSTEM = "apple-generic";
				VERSION_INFO_PREFIX = "";
			};
			name = Release;
		};
		5D90B70723C04244006DEA56 /* Debug */ = {
			isa = XCBuildConfiguration;
			buildSettings = {
				CODE_SIGN_STYLE = Automatic;
				COMBINE_HIDPI_IMAGES = YES;
				DEFINES_MODULE = YES;
				DEVELOPMENT_TEAM = E5P894ED53;
				DYLIB_COMPATIBILITY_VERSION = 1;
				DYLIB_CURRENT_VERSION = 1;
				DYLIB_INSTALL_NAME_BASE = "@rpath";
				INFOPLIST_FILE = "Problem 223/Info.plist";
				INSTALL_PATH = "$(LOCAL_LIBRARY_DIR)/Frameworks";
				LD_RUNPATH_SEARCH_PATHS = (
					"$(inherited)",
					"@executable_path/../Frameworks",
					"@loader_path/Frameworks",
				);
				PRODUCT_BUNDLE_IDENTIFIER = "com.sebfct.Problem-223";
				PRODUCT_NAME = "$(TARGET_NAME:c99extidentifier)";
				SKIP_INSTALL = YES;
				SWIFT_VERSION = 5.0;
			};
			name = Debug;
		};
		5D90B70823C04244006DEA56 /* Release */ = {
			isa = XCBuildConfiguration;
			buildSettings = {
				CODE_SIGN_STYLE = Automatic;
				COMBINE_HIDPI_IMAGES = YES;
				DEFINES_MODULE = YES;
				DEVELOPMENT_TEAM = E5P894ED53;
				DYLIB_COMPATIBILITY_VERSION = 1;
				DYLIB_CURRENT_VERSION = 1;
				DYLIB_INSTALL_NAME_BASE = "@rpath";
				INFOPLIST_FILE = "Problem 223/Info.plist";
				INSTALL_PATH = "$(LOCAL_LIBRARY_DIR)/Frameworks";
				LD_RUNPATH_SEARCH_PATHS = (
					"$(inherited)",
					"@executable_path/../Frameworks",
					"@loader_path/Frameworks",
				);
				PRODUCT_BUNDLE_IDENTIFIER = "com.sebfct.Problem-223";
				PRODUCT_NAME = "$(TARGET_NAME:c99extidentifier)";
				SKIP_INSTALL = YES;
				SWIFT_VERSION = 5.0;
			};
			name = Release;
		};
		5D90B70A23C04244006DEA56 /* Debug */ = {
			isa = XCBuildConfiguration;
			buildSettings = {
				CODE_SIGN_STYLE = Automatic;
				COMBINE_HIDPI_IMAGES = YES;
				DEVELOPMENT_TEAM = E5P894ED53;
				INFOPLIST_FILE = "Problem 223Tests/Info.plist";
				LD_RUNPATH_SEARCH_PATHS = (
					"$(inherited)",
					"@executable_path/../Frameworks",
					"@loader_path/../Frameworks",
				);
				PRODUCT_BUNDLE_IDENTIFIER = "com.sebfct.Problem-223Tests";
				PRODUCT_NAME = "$(TARGET_NAME)";
				SWIFT_VERSION = 5.0;
			};
			name = Debug;
		};
		5D90B70B23C04244006DEA56 /* Release */ = {
			isa = XCBuildConfiguration;
			buildSettings = {
				CODE_SIGN_STYLE = Automatic;
				COMBINE_HIDPI_IMAGES = YES;
				DEVELOPMENT_TEAM = E5P894ED53;
				INFOPLIST_FILE = "Problem 223Tests/Info.plist";
				LD_RUNPATH_SEARCH_PATHS = (
					"$(inherited)",
					"@executable_path/../Frameworks",
					"@loader_path/../Frameworks",
				);
				PRODUCT_BUNDLE_IDENTIFIER = "com.sebfct.Problem-223Tests";
				PRODUCT_NAME = "$(TARGET_NAME)";
				SWIFT_VERSION = 5.0;
			};
			name = Release;
		};
/* End XCBuildConfiguration section */

/* Begin XCConfigurationList section */
		5D90B6EC23C04243006DEA56 /* Build configuration list for PBXProject "Problem 223" */ = {
			isa = XCConfigurationList;
			buildConfigurations = (
				5D90B70423C04244006DEA56 /* Debug */,
				5D90B70523C04244006DEA56 /* Release */,
			);
			defaultConfigurationIsVisible = 0;
			defaultConfigurationName = Release;
		};
		5D90B70623C04244006DEA56 /* Build configuration list for PBXNativeTarget "Problem 223" */ = {
			isa = XCConfigurationList;
			buildConfigurations = (
				5D90B70723C04244006DEA56 /* Debug */,
				5D90B70823C04244006DEA56 /* Release */,
			);
			defaultConfigurationIsVisible = 0;
			defaultConfigurationName = Release;
		};
		5D90B70923C04244006DEA56 /* Build configuration list for PBXNativeTarget "Problem 223Tests" */ = {
			isa = XCConfigurationList;
			buildConfigurations = (
				5D90B70A23C04244006DEA56 /* Debug */,
				5D90B70B23C04244006DEA56 /* Release */,
			);
			defaultConfigurationIsVisible = 0;
			defaultConfigurationName = Release;
		};
/* End XCConfigurationList section */
	};
	rootObject = 5D90B6E923C04243006DEA56 /* Project object */;
}
