// !$*UTF8*$!
{
	archiveVersion = 1;
	classes = {
	};
	objectVersion = 50;
	objects = {

/* Begin PBXBuildFile section */
		5DAD2F712381A5CE00DA797A /* Problem_176.framework in Frameworks */ = {isa = PBXBuildFile; fileRef = 5DAD2F672381A5CE00DA797A /* Problem_176.framework */; };
		5DAD2F762381A5CE00DA797A /* Problem_176Tests.swift in Sources */ = {isa = PBXBuildFile; fileRef = 5DAD2F752381A5CE00DA797A /* Problem_176Tests.swift */; };
		5DAD2F782381A5CE00DA797A /* Problem_176.h in Headers */ = {isa = PBXBuildFile; fileRef = 5DAD2F6A2381A5CE00DA797A /* Problem_176.h */; settings = {ATTRIBUTES = (Public, ); }; };
/* End PBXBuildFile section */

/* Begin PBXContainerItemProxy section */
		5DAD2F722381A5CE00DA797A /* PBXContainerItemProxy */ = {
			isa = PBXContainerItemProxy;
			containerPortal = 5DAD2F5E2381A5CE00DA797A /* Project object */;
			proxyType = 1;
			remoteGlobalIDString = 5DAD2F662381A5CE00DA797A;
			remoteInfo = "Problem 176";
		};
/* End PBXContainerItemProxy section */

/* Begin PBXFileReference section */
		5DAD2F672381A5CE00DA797A /* Problem_176.framework */ = {isa = PBXFileReference; explicitFileType = wrapper.framework; includeInIndex = 0; path = Problem_176.framework; sourceTree = BUILT_PRODUCTS_DIR; };
		5DAD2F6A2381A5CE00DA797A /* Problem_176.h */ = {isa = PBXFileReference; lastKnownFileType = sourcecode.c.h; path = Problem_176.h; sourceTree = "<group>"; };
		5DAD2F6B2381A5CE00DA797A /* Info.plist */ = {isa = PBXFileReference; lastKnownFileType = text.plist.xml; path = Info.plist; sourceTree = "<group>"; };
		5DAD2F702381A5CE00DA797A /* Problem 176Tests.xctest */ = {isa = PBXFileReference; explicitFileType = wrapper.cfbundle; includeInIndex = 0; path = "Problem 176Tests.xctest"; sourceTree = BUILT_PRODUCTS_DIR; };
		5DAD2F752381A5CE00DA797A /* Problem_176Tests.swift */ = {isa = PBXFileReference; lastKnownFileType = sourcecode.swift; path = Problem_176Tests.swift; sourceTree = "<group>"; };
		5DAD2F772381A5CE00DA797A /* Info.plist */ = {isa = PBXFileReference; lastKnownFileType = text.plist.xml; path = Info.plist; sourceTree = "<group>"; };
/* End PBXFileReference section */

/* Begin PBXFrameworksBuildPhase section */
		5DAD2F642381A5CE00DA797A /* Frameworks */ = {
			isa = PBXFrameworksBuildPhase;
			buildActionMask = 2147483647;
			files = (
			);
			runOnlyForDeploymentPostprocessing = 0;
		};
		5DAD2F6D2381A5CE00DA797A /* Frameworks */ = {
			isa = PBXFrameworksBuildPhase;
			buildActionMask = 2147483647;
			files = (
				5DAD2F712381A5CE00DA797A /* Problem_176.framework in Frameworks */,
			);
			runOnlyForDeploymentPostprocessing = 0;
		};
/* End PBXFrameworksBuildPhase section */

/* Begin PBXGroup section */
		5DAD2F5D2381A5CE00DA797A = {
			isa = PBXGroup;
			children = (
				5DAD2F692381A5CE00DA797A /* Problem 176 */,
				5DAD2F742381A5CE00DA797A /* Problem 176Tests */,
				5DAD2F682381A5CE00DA797A /* Products */,
			);
			sourceTree = "<group>";
		};
		5DAD2F682381A5CE00DA797A /* Products */ = {
			isa = PBXGroup;
			children = (
				5DAD2F672381A5CE00DA797A /* Problem_176.framework */,
				5DAD2F702381A5CE00DA797A /* Problem 176Tests.xctest */,
			);
			name = Products;
			sourceTree = "<group>";
		};
		5DAD2F692381A5CE00DA797A /* Problem 176 */ = {
			isa = PBXGroup;
			children = (
				5DAD2F6A2381A5CE00DA797A /* Problem_176.h */,
				5DAD2F6B2381A5CE00DA797A /* Info.plist */,
			);
			path = "Problem 176";
			sourceTree = "<group>";
		};
		5DAD2F742381A5CE00DA797A /* Problem 176Tests */ = {
			isa = PBXGroup;
			children = (
				5DAD2F752381A5CE00DA797A /* Problem_176Tests.swift */,
				5DAD2F772381A5CE00DA797A /* Info.plist */,
			);
			path = "Problem 176Tests";
			sourceTree = "<group>";
		};
/* End PBXGroup section */

/* Begin PBXHeadersBuildPhase section */
		5DAD2F622381A5CE00DA797A /* Headers */ = {
			isa = PBXHeadersBuildPhase;
			buildActionMask = 2147483647;
			files = (
				5DAD2F782381A5CE00DA797A /* Problem_176.h in Headers */,
			);
			runOnlyForDeploymentPostprocessing = 0;
		};
/* End PBXHeadersBuildPhase section */

/* Begin PBXNativeTarget section */
		5DAD2F662381A5CE00DA797A /* Problem 176 */ = {
			isa = PBXNativeTarget;
			buildConfigurationList = 5DAD2F7B2381A5CE00DA797A /* Build configuration list for PBXNativeTarget "Problem 176" */;
			buildPhases = (
				5DAD2F622381A5CE00DA797A /* Headers */,
				5DAD2F632381A5CE00DA797A /* Sources */,
				5DAD2F642381A5CE00DA797A /* Frameworks */,
				5DAD2F652381A5CE00DA797A /* Resources */,
			);
			buildRules = (
			);
			dependencies = (
			);
			name = "Problem 176";
			productName = "Problem 176";
			productReference = 5DAD2F672381A5CE00DA797A /* Problem_176.framework */;
			productType = "com.apple.product-type.framework";
		};
		5DAD2F6F2381A5CE00DA797A /* Problem 176Tests */ = {
			isa = PBXNativeTarget;
			buildConfigurationList = 5DAD2F7E2381A5CE00DA797A /* Build configuration list for PBXNativeTarget "Problem 176Tests" */;
			buildPhases = (
				5DAD2F6C2381A5CE00DA797A /* Sources */,
				5DAD2F6D2381A5CE00DA797A /* Frameworks */,
				5DAD2F6E2381A5CE00DA797A /* Resources */,
			);
			buildRules = (
			);
			dependencies = (
				5DAD2F732381A5CE00DA797A /* PBXTargetDependency */,
			);
			name = "Problem 176Tests";
			productName = "Problem 176Tests";
			productReference = 5DAD2F702381A5CE00DA797A /* Problem 176Tests.xctest */;
			productType = "com.apple.product-type.bundle.unit-test";
		};
/* End PBXNativeTarget section */

/* Begin PBXProject section */
		5DAD2F5E2381A5CE00DA797A /* Project object */ = {
			isa = PBXProject;
			attributes = {
				LastSwiftUpdateCheck = 1110;
				LastUpgradeCheck = 1110;
				ORGANIZATIONNAME = "sebastien FOCK CHOW THO";
				TargetAttributes = {
					5DAD2F662381A5CE00DA797A = {
						CreatedOnToolsVersion = 11.1;
					};
					5DAD2F6F2381A5CE00DA797A = {
						CreatedOnToolsVersion = 11.1;
					};
				};
			};
			buildConfigurationList = 5DAD2F612381A5CE00DA797A /* Build configuration list for PBXProject "Problem 176" */;
			compatibilityVersion = "Xcode 9.3";
			developmentRegion = en;
			hasScannedForEncodings = 0;
			knownRegions = (
				en,
				Base,
			);
			mainGroup = 5DAD2F5D2381A5CE00DA797A;
			productRefGroup = 5DAD2F682381A5CE00DA797A /* Products */;
			projectDirPath = "";
			projectRoot = "";
			targets = (
				5DAD2F662381A5CE00DA797A /* Problem 176 */,
				5DAD2F6F2381A5CE00DA797A /* Problem 176Tests */,
			);
		};
/* End PBXProject section */

/* Begin PBXResourcesBuildPhase section */
		5DAD2F652381A5CE00DA797A /* Resources */ = {
			isa = PBXResourcesBuildPhase;
			buildActionMask = 2147483647;
			files = (
			);
			runOnlyForDeploymentPostprocessing = 0;
		};
		5DAD2F6E2381A5CE00DA797A /* Resources */ = {
			isa = PBXResourcesBuildPhase;
			buildActionMask = 2147483647;
			files = (
			);
			runOnlyForDeploymentPostprocessing = 0;
		};
/* End PBXResourcesBuildPhase section */

/* Begin PBXSourcesBuildPhase section */
		5DAD2F632381A5CE00DA797A /* Sources */ = {
			isa = PBXSourcesBuildPhase;
			buildActionMask = 2147483647;
			files = (
			);
			runOnlyForDeploymentPostprocessing = 0;
		};
		5DAD2F6C2381A5CE00DA797A /* Sources */ = {
			isa = PBXSourcesBuildPhase;
			buildActionMask = 2147483647;
			files = (
				5DAD2F762381A5CE00DA797A /* Problem_176Tests.swift in Sources */,
			);
			runOnlyForDeploymentPostprocessing = 0;
		};
/* End PBXSourcesBuildPhase section */

/* Begin PBXTargetDependency section */
		5DAD2F732381A5CE00DA797A /* PBXTargetDependency */ = {
			isa = PBXTargetDependency;
			target = 5DAD2F662381A5CE00DA797A /* Problem 176 */;
			targetProxy = 5DAD2F722381A5CE00DA797A /* PBXContainerItemProxy */;
		};
/* End PBXTargetDependency section */

/* Begin XCBuildConfiguration section */
		5DAD2F792381A5CE00DA797A /* Debug */ = {
			isa = XCBuildConfiguration;
			buildSettings = {
				ALWAYS_SEARCH_USER_PATHS = NO;
				CLANG_ANALYZER_NONNULL = YES;
				CLANG_ANALYZER_NUMBER_OBJECT_CONVERSION = YES_AGGRESSIVE;
				CLANG_CXX_LANGUAGE_STANDARD = "gnu++14";
				CLANG_CXX_LIBRARY = "libc++";
				CLANG_ENABLE_MODULES = YES;
				CLANG_ENABLE_OBJC_ARC = YES;
				CLANG_ENABLE_OBJC_WEAK = YES;
				CLANG_WARN_BLOCK_CAPTURE_AUTORELEASING = YES;
				CLANG_WARN_BOOL_CONVERSION = YES;
				CLANG_WARN_COMMA = YES;
				CLANG_WARN_CONSTANT_CONVERSION = YES;
				CLANG_WARN_DEPRECATED_OBJC_IMPLEMENTATIONS = YES;
				CLANG_WARN_DIRECT_OBJC_ISA_USAGE = YES_ERROR;
				CLANG_WARN_DOCUMENTATION_COMMENTS = YES;
				CLANG_WARN_EMPTY_BODY = YES;
				CLANG_WARN_ENUM_CONVERSION = YES;
				CLANG_WARN_INFINITE_RECURSION = YES;
				CLANG_WARN_INT_CONVERSION = YES;
				CLANG_WARN_NON_LITERAL_NULL_CONVERSION = YES;
				CLANG_WARN_OBJC_IMPLICIT_RETAIN_SELF = YES;
				CLANG_WARN_OBJC_LITERAL_CONVERSION = YES;
				CLANG_WARN_OBJC_ROOT_CLASS = YES_ERROR;
				CLANG_WARN_RANGE_LOOP_ANALYSIS = YES;
				CLANG_WARN_STRICT_PROTOTYPES = YES;
				CLANG_WARN_SUSPICIOUS_MOVE = YES;
				CLANG_WARN_UNGUARDED_AVAILABILITY = YES_AGGRESSIVE;
				CLANG_WARN_UNREACHABLE_CODE = YES;
				CLANG_WARN__DUPLICATE_METHOD_MATCH = YES;
				COPY_PHASE_STRIP = NO;
				CURRENT_PROJECT_VERSION = 1;
				DEBUG_INFORMATION_FORMAT = dwarf;
				ENABLE_STRICT_OBJC_MSGSEND = YES;
				ENABLE_TESTABILITY = YES;
				GCC_C_LANGUAGE_STANDARD = gnu11;
				GCC_DYNAMIC_NO_PIC = NO;
				GCC_NO_COMMON_BLOCKS = YES;
				GCC_OPTIMIZATION_LEVEL = 0;
				GCC_PREPROCESSOR_DEFINITIONS = (
					"DEBUG=1",
					"$(inherited)",
				);
				GCC_WARN_64_TO_32_BIT_CONVERSION = YES;
				GCC_WARN_ABOUT_RETURN_TYPE = YES_ERROR;
				GCC_WARN_UNDECLARED_SELECTOR = YES;
				GCC_WARN_UNINITIALIZED_AUTOS = YES_AGGRESSIVE;
				GCC_WARN_UNUSED_FUNCTION = YES;
				GCC_WARN_UNUSED_VARIABLE = YES;
				MACOSX_DEPLOYMENT_TARGET = 10.15;
				MTL_ENABLE_DEBUG_INFO = INCLUDE_SOURCE;
				MTL_FAST_MATH = YES;
				ONLY_ACTIVE_ARCH = YES;
				SDKROOT = macosx;
				SWIFT_ACTIVE_COMPILATION_CONDITIONS = DEBUG;
				SWIFT_OPTIMIZATION_LEVEL = "-Onone";
				VERSIONING_SYSTEM = "apple-generic";
				VERSION_INFO_PREFIX = "";
			};
			name = Debug;
		};
		5DAD2F7A2381A5CE00DA797A /* Release */ = {
			isa = XCBuildConfiguration;
			buildSettings = {
				ALWAYS_SEARCH_USER_PATHS = NO;
				CLANG_ANALYZER_NONNULL = YES;
				CLANG_ANALYZER_NUMBER_OBJECT_CONVERSION = YES_AGGRESSIVE;
				CLANG_CXX_LANGUAGE_STANDARD = "gnu++14";
				CLANG_CXX_LIBRARY = "libc++";
				CLANG_ENABLE_MODULES = YES;
				CLANG_ENABLE_OBJC_ARC = YES;
				CLANG_ENABLE_OBJC_WEAK = YES;
				CLANG_WARN_BLOCK_CAPTURE_AUTORELEASING = YES;
				CLANG_WARN_BOOL_CONVERSION = YES;
				CLANG_WARN_COMMA = YES;
				CLANG_WARN_CONSTANT_CONVERSION = YES;
				CLANG_WARN_DEPRECATED_OBJC_IMPLEMENTATIONS = YES;
				CLANG_WARN_DIRECT_OBJC_ISA_USAGE = YES_ERROR;
				CLANG_WARN_DOCUMENTATION_COMMENTS = YES;
				CLANG_WARN_EMPTY_BODY = YES;
				CLANG_WARN_ENUM_CONVERSION = YES;
				CLANG_WARN_INFINITE_RECURSION = YES;
				CLANG_WARN_INT_CONVERSION = YES;
				CLANG_WARN_NON_LITERAL_NULL_CONVERSION = YES;
				CLANG_WARN_OBJC_IMPLICIT_RETAIN_SELF = YES;
				CLANG_WARN_OBJC_LITERAL_CONVERSION = YES;
				CLANG_WARN_OBJC_ROOT_CLASS = YES_ERROR;
				CLANG_WARN_RANGE_LOOP_ANALYSIS = YES;
				CLANG_WARN_STRICT_PROTOTYPES = YES;
				CLANG_WARN_SUSPICIOUS_MOVE = YES;
				CLANG_WARN_UNGUARDED_AVAILABILITY = YES_AGGRESSIVE;
				CLANG_WARN_UNREACHABLE_CODE = YES;
				CLANG_WARN__DUPLICATE_METHOD_MATCH = YES;
				COPY_PHASE_STRIP = NO;
				CURRENT_PROJECT_VERSION = 1;
				DEBUG_INFORMATION_FORMAT = "dwarf-with-dsym";
				ENABLE_NS_ASSERTIONS = NO;
				ENABLE_STRICT_OBJC_MSGSEND = YES;
				GCC_C_LANGUAGE_STANDARD = gnu11;
				GCC_NO_COMMON_BLOCKS = YES;
				GCC_WARN_64_TO_32_BIT_CONVERSION = YES;
				GCC_WARN_ABOUT_RETURN_TYPE = YES_ERROR;
				GCC_WARN_UNDECLARED_SELECTOR = YES;
				GCC_WARN_UNINITIALIZED_AUTOS = YES_AGGRESSIVE;
				GCC_WARN_UNUSED_FUNCTION = YES;
				GCC_WARN_UNUSED_VARIABLE = YES;
				MACOSX_DEPLOYMENT_TARGET = 10.15;
				MTL_ENABLE_DEBUG_INFO = NO;
				MTL_FAST_MATH = YES;
				SDKROOT = macosx;
				SWIFT_COMPILATION_MODE = wholemodule;
				SWIFT_OPTIMIZATION_LEVEL = "-O";
				VERSIONING_SYSTEM = "apple-generic";
				VERSION_INFO_PREFIX = "";
			};
			name = Release;
		};
		5DAD2F7C2381A5CE00DA797A /* Debug */ = {
			isa = XCBuildConfiguration;
			buildSettings = {
				CODE_SIGN_STYLE = Automatic;
				COMBINE_HIDPI_IMAGES = YES;
				DEFINES_MODULE = YES;
				DEVELOPMENT_TEAM = E5P894ED53;
				DYLIB_COMPATIBILITY_VERSION = 1;
				DYLIB_CURRENT_VERSION = 1;
				DYLIB_INSTALL_NAME_BASE = "@rpath";
				INFOPLIST_FILE = "Problem 176/Info.plist";
				INSTALL_PATH = "$(LOCAL_LIBRARY_DIR)/Frameworks";
				LD_RUNPATH_SEARCH_PATHS = (
					"$(inherited)",
					"@executable_path/../Frameworks",
					"@loader_path/Frameworks",
				);
				PRODUCT_BUNDLE_IDENTIFIER = "com.sebfct.Problem-176";
				PRODUCT_NAME = "$(TARGET_NAME:c99extidentifier)";
				SKIP_INSTALL = YES;
				SWIFT_VERSION = 5.0;
			};
			name = Debug;
		};
		5DAD2F7D2381A5CE00DA797A /* Release */ = {
			isa = XCBuildConfiguration;
			buildSettings = {
				CODE_SIGN_STYLE = Automatic;
				COMBINE_HIDPI_IMAGES = YES;
				DEFINES_MODULE = YES;
				DEVELOPMENT_TEAM = E5P894ED53;
				DYLIB_COMPATIBILITY_VERSION = 1;
				DYLIB_CURRENT_VERSION = 1;
				DYLIB_INSTALL_NAME_BASE = "@rpath";
				INFOPLIST_FILE = "Problem 176/Info.plist";
				INSTALL_PATH = "$(LOCAL_LIBRARY_DIR)/Frameworks";
				LD_RUNPATH_SEARCH_PATHS = (
					"$(inherited)",
					"@executable_path/../Frameworks",
					"@loader_path/Frameworks",
				);
				PRODUCT_BUNDLE_IDENTIFIER = "com.sebfct.Problem-176";
				PRODUCT_NAME = "$(TARGET_NAME:c99extidentifier)";
				SKIP_INSTALL = YES;
				SWIFT_VERSION = 5.0;
			};
			name = Release;
		};
		5DAD2F7F2381A5CE00DA797A /* Debug */ = {
			isa = XCBuildConfiguration;
			buildSettings = {
				CODE_SIGN_STYLE = Automatic;
				COMBINE_HIDPI_IMAGES = YES;
				DEVELOPMENT_TEAM = E5P894ED53;
				INFOPLIST_FILE = "Problem 176Tests/Info.plist";
				LD_RUNPATH_SEARCH_PATHS = (
					"$(inherited)",
					"@executable_path/../Frameworks",
					"@loader_path/../Frameworks",
				);
				PRODUCT_BUNDLE_IDENTIFIER = "com.sebfct.Problem-176Tests";
				PRODUCT_NAME = "$(TARGET_NAME)";
				SWIFT_VERSION = 5.0;
			};
			name = Debug;
		};
		5DAD2F802381A5CE00DA797A /* Release */ = {
			isa = XCBuildConfiguration;
			buildSettings = {
				CODE_SIGN_STYLE = Automatic;
				COMBINE_HIDPI_IMAGES = YES;
				DEVELOPMENT_TEAM = E5P894ED53;
				INFOPLIST_FILE = "Problem 176Tests/Info.plist";
				LD_RUNPATH_SEARCH_PATHS = (
					"$(inherited)",
					"@executable_path/../Frameworks",
					"@loader_path/../Frameworks",
				);
				PRODUCT_BUNDLE_IDENTIFIER = "com.sebfct.Problem-176Tests";
				PRODUCT_NAME = "$(TARGET_NAME)";
				SWIFT_VERSION = 5.0;
			};
			name = Release;
		};
/* End XCBuildConfiguration section */

/* Begin XCConfigurationList section */
		5DAD2F612381A5CE00DA797A /* Build configuration list for PBXProject "Problem 176" */ = {
			isa = XCConfigurationList;
			buildConfigurations = (
				5DAD2F792381A5CE00DA797A /* Debug */,
				5DAD2F7A2381A5CE00DA797A /* Release */,
			);
			defaultConfigurationIsVisible = 0;
			defaultConfigurationName = Release;
		};
		5DAD2F7B2381A5CE00DA797A /* Build configuration list for PBXNativeTarget "Problem 176" */ = {
			isa = XCConfigurationList;
			buildConfigurations = (
				5DAD2F7C2381A5CE00DA797A /* Debug */,
				5DAD2F7D2381A5CE00DA797A /* Release */,
			);
			defaultConfigurationIsVisible = 0;
			defaultConfigurationName = Release;
		};
		5DAD2F7E2381A5CE00DA797A /* Build configuration list for PBXNativeTarget "Problem 176Tests" */ = {
			isa = XCConfigurationList;
			buildConfigurations = (
				5DAD2F7F2381A5CE00DA797A /* Debug */,
				5DAD2F802381A5CE00DA797A /* Release */,
			);
			defaultConfigurationIsVisible = 0;
			defaultConfigurationName = Release;
		};
/* End XCConfigurationList section */
	};
	rootObject = 5DAD2F5E2381A5CE00DA797A /* Project object */;
}
