// !$*UTF8*$!
{
	archiveVersion = 1;
	classes = {
	};
	objectVersion = 50;
	objects = {

/* Begin PBXBuildFile section */
		5DE2A2CA238C95DC0009E05B /* Problem_184.framework in Frameworks */ = {isa = PBXBuildFile; fileRef = 5DE2A2C0238C95DC0009E05B /* Problem_184.framework */; };
		5DE2A2CF238C95DC0009E05B /* Problem_184Tests.swift in Sources */ = {isa = PBXBuildFile; fileRef = 5DE2A2CE238C95DC0009E05B /* Problem_184Tests.swift */; };
		5DE2A2D1238C95DC0009E05B /* Problem_184.h in Headers */ = {isa = PBXBuildFile; fileRef = 5DE2A2C3238C95DC0009E05B /* Problem_184.h */; settings = {ATTRIBUTES = (Public, ); }; };
		5DE2A2DB238C96390009E05B /* Solution.swift in Sources */ = {isa = PBXBuildFile; fileRef = 5DE2A2DA238C96390009E05B /* Solution.swift */; };
/* End PBXBuildFile section */

/* Begin PBXContainerItemProxy section */
		5DE2A2CB238C95DC0009E05B /* PBXContainerItemProxy */ = {
			isa = PBXContainerItemProxy;
			containerPortal = 5DE2A2B7238C95DC0009E05B /* Project object */;
			proxyType = 1;
			remoteGlobalIDString = 5DE2A2BF238C95DC0009E05B;
			remoteInfo = "Problem 184";
		};
/* End PBXContainerItemProxy section */

/* Begin PBXFileReference section */
		5DE2A2C0238C95DC0009E05B /* Problem_184.framework */ = {isa = PBXFileReference; explicitFileType = wrapper.framework; includeInIndex = 0; path = Problem_184.framework; sourceTree = BUILT_PRODUCTS_DIR; };
		5DE2A2C3238C95DC0009E05B /* Problem_184.h */ = {isa = PBXFileReference; lastKnownFileType = sourcecode.c.h; path = Problem_184.h; sourceTree = "<group>"; };
		5DE2A2C4238C95DC0009E05B /* Info.plist */ = {isa = PBXFileReference; lastKnownFileType = text.plist.xml; path = Info.plist; sourceTree = "<group>"; };
		5DE2A2C9238C95DC0009E05B /* Problem 184Tests.xctest */ = {isa = PBXFileReference; explicitFileType = wrapper.cfbundle; includeInIndex = 0; path = "Problem 184Tests.xctest"; sourceTree = BUILT_PRODUCTS_DIR; };
		5DE2A2CE238C95DC0009E05B /* Problem_184Tests.swift */ = {isa = PBXFileReference; lastKnownFileType = sourcecode.swift; path = Problem_184Tests.swift; sourceTree = "<group>"; };
		5DE2A2D0238C95DC0009E05B /* Info.plist */ = {isa = PBXFileReference; lastKnownFileType = text.plist.xml; path = Info.plist; sourceTree = "<group>"; };
		5DE2A2DA238C96390009E05B /* Solution.swift */ = {isa = PBXFileReference; lastKnownFileType = sourcecode.swift; path = Solution.swift; sourceTree = "<group>"; };
/* End PBXFileReference section */

/* Begin PBXFrameworksBuildPhase section */
		5DE2A2BD238C95DC0009E05B /* Frameworks */ = {
			isa = PBXFrameworksBuildPhase;
			buildActionMask = 2147483647;
			files = (
			);
			runOnlyForDeploymentPostprocessing = 0;
		};
		5DE2A2C6238C95DC0009E05B /* Frameworks */ = {
			isa = PBXFrameworksBuildPhase;
			buildActionMask = 2147483647;
			files = (
				5DE2A2CA238C95DC0009E05B /* Problem_184.framework in Frameworks */,
			);
			runOnlyForDeploymentPostprocessing = 0;
		};
/* End PBXFrameworksBuildPhase section */

/* Begin PBXGroup section */
		5DE2A2B6238C95DC0009E05B = {
			isa = PBXGroup;
			children = (
				5DE2A2C2238C95DC0009E05B /* Problem 184 */,
				5DE2A2CD238C95DC0009E05B /* Problem 184Tests */,
				5DE2A2C1238C95DC0009E05B /* Products */,
			);
			sourceTree = "<group>";
		};
		5DE2A2C1238C95DC0009E05B /* Products */ = {
			isa = PBXGroup;
			children = (
				5DE2A2C0238C95DC0009E05B /* Problem_184.framework */,
				5DE2A2C9238C95DC0009E05B /* Problem 184Tests.xctest */,
			);
			name = Products;
			sourceTree = "<group>";
		};
		5DE2A2C2238C95DC0009E05B /* Problem 184 */ = {
			isa = PBXGroup;
			children = (
				5DE2A2C3238C95DC0009E05B /* Problem_184.h */,
				5DE2A2C4238C95DC0009E05B /* Info.plist */,
				5DE2A2DA238C96390009E05B /* Solution.swift */,
			);
			path = "Problem 184";
			sourceTree = "<group>";
		};
		5DE2A2CD238C95DC0009E05B /* Problem 184Tests */ = {
			isa = PBXGroup;
			children = (
				5DE2A2CE238C95DC0009E05B /* Problem_184Tests.swift */,
				5DE2A2D0238C95DC0009E05B /* Info.plist */,
			);
			path = "Problem 184Tests";
			sourceTree = "<group>";
		};
/* End PBXGroup section */

/* Begin PBXHeadersBuildPhase section */
		5DE2A2BB238C95DC0009E05B /* Headers */ = {
			isa = PBXHeadersBuildPhase;
			buildActionMask = 2147483647;
			files = (
				5DE2A2D1238C95DC0009E05B /* Problem_184.h in Headers */,
			);
			runOnlyForDeploymentPostprocessing = 0;
		};
/* End PBXHeadersBuildPhase section */

/* Begin PBXNativeTarget section */
		5DE2A2BF238C95DC0009E05B /* Problem 184 */ = {
			isa = PBXNativeTarget;
			buildConfigurationList = 5DE2A2D4238C95DC0009E05B /* Build configuration list for PBXNativeTarget "Problem 184" */;
			buildPhases = (
				5DE2A2BB238C95DC0009E05B /* Headers */,
				5DE2A2BC238C95DC0009E05B /* Sources */,
				5DE2A2BD238C95DC0009E05B /* Frameworks */,
				5DE2A2BE238C95DC0009E05B /* Resources */,
			);
			buildRules = (
			);
			dependencies = (
			);
			name = "Problem 184";
			productName = "Problem 184";
			productReference = 5DE2A2C0238C95DC0009E05B /* Problem_184.framework */;
			productType = "com.apple.product-type.framework";
		};
		5DE2A2C8238C95DC0009E05B /* Problem 184Tests */ = {
			isa = PBXNativeTarget;
			buildConfigurationList = 5DE2A2D7238C95DC0009E05B /* Build configuration list for PBXNativeTarget "Problem 184Tests" */;
			buildPhases = (
				5DE2A2C5238C95DC0009E05B /* Sources */,
				5DE2A2C6238C95DC0009E05B /* Frameworks */,
				5DE2A2C7238C95DC0009E05B /* Resources */,
			);
			buildRules = (
			);
			dependencies = (
				5DE2A2CC238C95DC0009E05B /* PBXTargetDependency */,
			);
			name = "Problem 184Tests";
			productName = "Problem 184Tests";
			productReference = 5DE2A2C9238C95DC0009E05B /* Problem 184Tests.xctest */;
			productType = "com.apple.product-type.bundle.unit-test";
		};
/* End PBXNativeTarget section */

/* Begin PBXProject section */
		5DE2A2B7238C95DC0009E05B /* Project object */ = {
			isa = PBXProject;
			attributes = {
				LastSwiftUpdateCheck = 1120;
				LastUpgradeCheck = 1120;
				ORGANIZATIONNAME = "sebastien FOCK CHOW THO";
				TargetAttributes = {
					5DE2A2BF238C95DC0009E05B = {
						CreatedOnToolsVersion = 11.2.1;
						LastSwiftMigration = 1120;
					};
					5DE2A2C8238C95DC0009E05B = {
						CreatedOnToolsVersion = 11.2.1;
					};
				};
			};
			buildConfigurationList = 5DE2A2BA238C95DC0009E05B /* Build configuration list for PBXProject "Problem 184" */;
			compatibilityVersion = "Xcode 9.3";
			developmentRegion = en;
			hasScannedForEncodings = 0;
			knownRegions = (
				en,
				Base,
			);
			mainGroup = 5DE2A2B6238C95DC0009E05B;
			productRefGroup = 5DE2A2C1238C95DC0009E05B /* Products */;
			projectDirPath = "";
			projectRoot = "";
			targets = (
				5DE2A2BF238C95DC0009E05B /* Problem 184 */,
				5DE2A2C8238C95DC0009E05B /* Problem 184Tests */,
			);
		};
/* End PBXProject section */

/* Begin PBXResourcesBuildPhase section */
		5DE2A2BE238C95DC0009E05B /* Resources */ = {
			isa = PBXResourcesBuildPhase;
			buildActionMask = 2147483647;
			files = (
			);
			runOnlyForDeploymentPostprocessing = 0;
		};
		5DE2A2C7238C95DC0009E05B /* Resources */ = {
			isa = PBXResourcesBuildPhase;
			buildActionMask = 2147483647;
			files = (
			);
			runOnlyForDeploymentPostprocessing = 0;
		};
/* End PBXResourcesBuildPhase section */

/* Begin PBXSourcesBuildPhase section */
		5DE2A2BC238C95DC0009E05B /* Sources */ = {
			isa = PBXSourcesBuildPhase;
			buildActionMask = 2147483647;
			files = (
				5DE2A2DB238C96390009E05B /* Solution.swift in Sources */,
			);
			runOnlyForDeploymentPostprocessing = 0;
		};
		5DE2A2C5238C95DC0009E05B /* Sources */ = {
			isa = PBXSourcesBuildPhase;
			buildActionMask = 2147483647;
			files = (
				5DE2A2CF238C95DC0009E05B /* Problem_184Tests.swift in Sources */,
			);
			runOnlyForDeploymentPostprocessing = 0;
		};
/* End PBXSourcesBuildPhase section */

/* Begin PBXTargetDependency section */
		5DE2A2CC238C95DC0009E05B /* PBXTargetDependency */ = {
			isa = PBXTargetDependency;
			target = 5DE2A2BF238C95DC0009E05B /* Problem 184 */;
			targetProxy = 5DE2A2CB238C95DC0009E05B /* PBXContainerItemProxy */;
		};
/* End PBXTargetDependency section */

/* Begin XCBuildConfiguration section */
		5DE2A2D2238C95DC0009E05B /* Debug */ = {
			isa = XCBuildConfiguration;
			buildSettings = {
				ALWAYS_SEARCH_USER_PATHS = NO;
				CLANG_ANALYZER_NONNULL = YES;
				CLANG_ANALYZER_NUMBER_OBJECT_CONVERSION = YES_AGGRESSIVE;
				CLANG_CXX_LANGUAGE_STANDARD = "gnu++14";
				CLANG_CXX_LIBRARY = "libc++";
				CLANG_ENABLE_MODULES = YES;
				CLANG_ENABLE_OBJC_ARC = YES;
				CLANG_ENABLE_OBJC_WEAK = YES;
				CLANG_WARN_BLOCK_CAPTURE_AUTORELEASING = YES;
				CLANG_WARN_BOOL_CONVERSION = YES;
				CLANG_WARN_COMMA = YES;
				CLANG_WARN_CONSTANT_CONVERSION = YES;
				CLANG_WARN_DEPRECATED_OBJC_IMPLEMENTATIONS = YES;
				CLANG_WARN_DIRECT_OBJC_ISA_USAGE = YES_ERROR;
				CLANG_WARN_DOCUMENTATION_COMMENTS = YES;
				CLANG_WARN_EMPTY_BODY = YES;
				CLANG_WARN_ENUM_CONVERSION = YES;
				CLANG_WARN_INFINITE_RECURSION = YES;
				CLANG_WARN_INT_CONVERSION = YES;
				CLANG_WARN_NON_LITERAL_NULL_CONVERSION = YES;
				CLANG_WARN_OBJC_IMPLICIT_RETAIN_SELF = YES;
				CLANG_WARN_OBJC_LITERAL_CONVERSION = YES;
				CLANG_WARN_OBJC_ROOT_CLASS = YES_ERROR;
				CLANG_WARN_RANGE_LOOP_ANALYSIS = YES;
				CLANG_WARN_STRICT_PROTOTYPES = YES;
				CLANG_WARN_SUSPICIOUS_MOVE = YES;
				CLANG_WARN_UNGUARDED_AVAILABILITY = YES_AGGRESSIVE;
				CLANG_WARN_UNREACHABLE_CODE = YES;
				CLANG_WARN__DUPLICATE_METHOD_MATCH = YES;
				COPY_PHASE_STRIP = NO;
				CURRENT_PROJECT_VERSION = 1;
				DEBUG_INFORMATION_FORMAT = dwarf;
				ENABLE_STRICT_OBJC_MSGSEND = YES;
				ENABLE_TESTABILITY = YES;
				GCC_C_LANGUAGE_STANDARD = gnu11;
				GCC_DYNAMIC_NO_PIC = NO;
				GCC_NO_COMMON_BLOCKS = YES;
				GCC_OPTIMIZATION_LEVEL = 0;
				GCC_PREPROCESSOR_DEFINITIONS = (
					"DEBUG=1",
					"$(inherited)",
				);
				GCC_WARN_64_TO_32_BIT_CONVERSION = YES;
				GCC_WARN_ABOUT_RETURN_TYPE = YES_ERROR;
				GCC_WARN_UNDECLARED_SELECTOR = YES;
				GCC_WARN_UNINITIALIZED_AUTOS = YES_AGGRESSIVE;
				GCC_WARN_UNUSED_FUNCTION = YES;
				GCC_WARN_UNUSED_VARIABLE = YES;
				MACOSX_DEPLOYMENT_TARGET = 10.15;
				MTL_ENABLE_DEBUG_INFO = INCLUDE_SOURCE;
				MTL_FAST_MATH = YES;
				ONLY_ACTIVE_ARCH = YES;
				SDKROOT = macosx;
				SWIFT_ACTIVE_COMPILATION_CONDITIONS = DEBUG;
				SWIFT_OPTIMIZATION_LEVEL = "-Onone";
				VERSIONING_SYSTEM = "apple-generic";
				VERSION_INFO_PREFIX = "";
			};
			name = Debug;
		};
		5DE2A2D3238C95DC0009E05B /* Release */ = {
			isa = XCBuildConfiguration;
			buildSettings = {
				ALWAYS_SEARCH_USER_PATHS = NO;
				CLANG_ANALYZER_NONNULL = YES;
				CLANG_ANALYZER_NUMBER_OBJECT_CONVERSION = YES_AGGRESSIVE;
				CLANG_CXX_LANGUAGE_STANDARD = "gnu++14";
				CLANG_CXX_LIBRARY = "libc++";
				CLANG_ENABLE_MODULES = YES;
				CLANG_ENABLE_OBJC_ARC = YES;
				CLANG_ENABLE_OBJC_WEAK = YES;
				CLANG_WARN_BLOCK_CAPTURE_AUTORELEASING = YES;
				CLANG_WARN_BOOL_CONVERSION = YES;
				CLANG_WARN_COMMA = YES;
				CLANG_WARN_CONSTANT_CONVERSION = YES;
				CLANG_WARN_DEPRECATED_OBJC_IMPLEMENTATIONS = YES;
				CLANG_WARN_DIRECT_OBJC_ISA_USAGE = YES_ERROR;
				CLANG_WARN_DOCUMENTATION_COMMENTS = YES;
				CLANG_WARN_EMPTY_BODY = YES;
				CLANG_WARN_ENUM_CONVERSION = YES;
				CLANG_WARN_INFINITE_RECURSION = YES;
				CLANG_WARN_INT_CONVERSION = YES;
				CLANG_WARN_NON_LITERAL_NULL_CONVERSION = YES;
				CLANG_WARN_OBJC_IMPLICIT_RETAIN_SELF = YES;
				CLANG_WARN_OBJC_LITERAL_CONVERSION = YES;
				CLANG_WARN_OBJC_ROOT_CLASS = YES_ERROR;
				CLANG_WARN_RANGE_LOOP_ANALYSIS = YES;
				CLANG_WARN_STRICT_PROTOTYPES = YES;
				CLANG_WARN_SUSPICIOUS_MOVE = YES;
				CLANG_WARN_UNGUARDED_AVAILABILITY = YES_AGGRESSIVE;
				CLANG_WARN_UNREACHABLE_CODE = YES;
				CLANG_WARN__DUPLICATE_METHOD_MATCH = YES;
				COPY_PHASE_STRIP = NO;
				CURRENT_PROJECT_VERSION = 1;
				DEBUG_INFORMATION_FORMAT = "dwarf-with-dsym";
				ENABLE_NS_ASSERTIONS = NO;
				ENABLE_STRICT_OBJC_MSGSEND = YES;
				GCC_C_LANGUAGE_STANDARD = gnu11;
				GCC_NO_COMMON_BLOCKS = YES;
				GCC_WARN_64_TO_32_BIT_CONVERSION = YES;
				GCC_WARN_ABOUT_RETURN_TYPE = YES_ERROR;
				GCC_WARN_UNDECLARED_SELECTOR = YES;
				GCC_WARN_UNINITIALIZED_AUTOS = YES_AGGRESSIVE;
				GCC_WARN_UNUSED_FUNCTION = YES;
				GCC_WARN_UNUSED_VARIABLE = YES;
				MACOSX_DEPLOYMENT_TARGET = 10.15;
				MTL_ENABLE_DEBUG_INFO = NO;
				MTL_FAST_MATH = YES;
				SDKROOT = macosx;
				SWIFT_COMPILATION_MODE = wholemodule;
				SWIFT_OPTIMIZATION_LEVEL = "-O";
				VERSIONING_SYSTEM = "apple-generic";
				VERSION_INFO_PREFIX = "";
			};
			name = Release;
		};
		5DE2A2D5238C95DC0009E05B /* Debug */ = {
			isa = XCBuildConfiguration;
			buildSettings = {
				CLANG_ENABLE_MODULES = YES;
				CODE_SIGN_STYLE = Automatic;
				COMBINE_HIDPI_IMAGES = YES;
				DEFINES_MODULE = YES;
				DEVELOPMENT_TEAM = E5P894ED53;
				DYLIB_COMPATIBILITY_VERSION = 1;
				DYLIB_CURRENT_VERSION = 1;
				DYLIB_INSTALL_NAME_BASE = "@rpath";
				INFOPLIST_FILE = "Problem 184/Info.plist";
				INSTALL_PATH = "$(LOCAL_LIBRARY_DIR)/Frameworks";
				LD_RUNPATH_SEARCH_PATHS = (
					"$(inherited)",
					"@executable_path/../Frameworks",
					"@loader_path/Frameworks",
				);
				PRODUCT_BUNDLE_IDENTIFIER = "com.sebfct.Problem-184";
				PRODUCT_NAME = "$(TARGET_NAME:c99extidentifier)";
				SKIP_INSTALL = YES;
				SWIFT_OPTIMIZATION_LEVEL = "-Onone";
				SWIFT_VERSION = 5.0;
			};
			name = Debug;
		};
		5DE2A2D6238C95DC0009E05B /* Release */ = {
			isa = XCBuildConfiguration;
			buildSettings = {
				CLANG_ENABLE_MODULES = YES;
				CODE_SIGN_STYLE = Automatic;
				COMBINE_HIDPI_IMAGES = YES;
				DEFINES_MODULE = YES;
				DEVELOPMENT_TEAM = E5P894ED53;
				DYLIB_COMPATIBILITY_VERSION = 1;
				DYLIB_CURRENT_VERSION = 1;
				DYLIB_INSTALL_NAME_BASE = "@rpath";
				INFOPLIST_FILE = "Problem 184/Info.plist";
				INSTALL_PATH = "$(LOCAL_LIBRARY_DIR)/Frameworks";
				LD_RUNPATH_SEARCH_PATHS = (
					"$(inherited)",
					"@executable_path/../Frameworks",
					"@loader_path/Frameworks",
				);
				PRODUCT_BUNDLE_IDENTIFIER = "com.sebfct.Problem-184";
				PRODUCT_NAME = "$(TARGET_NAME:c99extidentifier)";
				SKIP_INSTALL = YES;
				SWIFT_VERSION = 5.0;
			};
			name = Release;
		};
		5DE2A2D8238C95DC0009E05B /* Debug */ = {
			isa = XCBuildConfiguration;
			buildSettings = {
				ALWAYS_EMBED_SWIFT_STANDARD_LIBRARIES = YES;
				CODE_SIGN_STYLE = Automatic;
				COMBINE_HIDPI_IMAGES = YES;
				DEVELOPMENT_TEAM = E5P894ED53;
				INFOPLIST_FILE = "Problem 184Tests/Info.plist";
				LD_RUNPATH_SEARCH_PATHS = (
					"$(inherited)",
					"@executable_path/../Frameworks",
					"@loader_path/../Frameworks",
				);
				PRODUCT_BUNDLE_IDENTIFIER = "com.sebfct.Problem-184Tests";
				PRODUCT_NAME = "$(TARGET_NAME)";
				SWIFT_VERSION = 5.0;
			};
			name = Debug;
		};
		5DE2A2D9238C95DC0009E05B /* Release */ = {
			isa = XCBuildConfiguration;
			buildSettings = {
				ALWAYS_EMBED_SWIFT_STANDARD_LIBRARIES = YES;
				CODE_SIGN_STYLE = Automatic;
				COMBINE_HIDPI_IMAGES = YES;
				DEVELOPMENT_TEAM = E5P894ED53;
				INFOPLIST_FILE = "Problem 184Tests/Info.plist";
				LD_RUNPATH_SEARCH_PATHS = (
					"$(inherited)",
					"@executable_path/../Frameworks",
					"@loader_path/../Frameworks",
				);
				PRODUCT_BUNDLE_IDENTIFIER = "com.sebfct.Problem-184Tests";
				PRODUCT_NAME = "$(TARGET_NAME)";
				SWIFT_VERSION = 5.0;
			};
			name = Release;
		};
/* End XCBuildConfiguration section */

/* Begin XCConfigurationList section */
		5DE2A2BA238C95DC0009E05B /* Build configuration list for PBXProject "Problem 184" */ = {
			isa = XCConfigurationList;
			buildConfigurations = (
				5DE2A2D2238C95DC0009E05B /* Debug */,
				5DE2A2D3238C95DC0009E05B /* Release */,
			);
			defaultConfigurationIsVisible = 0;
			defaultConfigurationName = Release;
		};
		5DE2A2D4238C95DC0009E05B /* Build configuration list for PBXNativeTarget "Problem 184" */ = {
			isa = XCConfigurationList;
			buildConfigurations = (
				5DE2A2D5238C95DC0009E05B /* Debug */,
				5DE2A2D6238C95DC0009E05B /* Release */,
			);
			defaultConfigurationIsVisible = 0;
			defaultConfigurationName = Release;
		};
		5DE2A2D7238C95DC0009E05B /* Build configuration list for PBXNativeTarget "Problem 184Tests" */ = {
			isa = XCConfigurationList;
			buildConfigurations = (
				5DE2A2D8238C95DC0009E05B /* Debug */,
				5DE2A2D9238C95DC0009E05B /* Release */,
			);
			defaultConfigurationIsVisible = 0;
			defaultConfigurationName = Release;
		};
/* End XCConfigurationList section */
	};
	rootObject = 5DE2A2B7238C95DC0009E05B /* Project object */;
}
