// !$*UTF8*$!
{
	archiveVersion = 1;
	classes = {
	};
	objectVersion = 50;
	objects = {

/* Begin PBXBuildFile section */
		5DBD44E32389958C00D89024 /* Problem_182.framework in Frameworks */ = {isa = PBXBuildFile; fileRef = 5DBD44D92389958C00D89024 /* Problem_182.framework */; };
		5DBD44E82389958C00D89024 /* Problem_182Tests.swift in Sources */ = {isa = PBXBuildFile; fileRef = 5DBD44E72389958C00D89024 /* Problem_182Tests.swift */; };
		5DBD44EA2389958C00D89024 /* Problem_182.h in Headers */ = {isa = PBXBuildFile; fileRef = 5DBD44DC2389958C00D89024 /* Problem_182.h */; settings = {ATTRIBUTES = (Public, ); }; };
		5DBD44F4238995D700D89024 /* Solution.swift in Sources */ = {isa = PBXBuildFile; fileRef = 5DBD44F3238995D700D89024 /* Solution.swift */; };
/* End PBXBuildFile section */

/* Begin PBXContainerItemProxy section */
		5DBD44E42389958C00D89024 /* PBXContainerItemProxy */ = {
			isa = PBXContainerItemProxy;
			containerPortal = 5DBD44D02389958C00D89024 /* Project object */;
			proxyType = 1;
			remoteGlobalIDString = 5DBD44D82389958C00D89024;
			remoteInfo = "Problem 182";
		};
/* End PBXContainerItemProxy section */

/* Begin PBXFileReference section */
		5DBD44D92389958C00D89024 /* Problem_182.framework */ = {isa = PBXFileReference; explicitFileType = wrapper.framework; includeInIndex = 0; path = Problem_182.framework; sourceTree = BUILT_PRODUCTS_DIR; };
		5DBD44DC2389958C00D89024 /* Problem_182.h */ = {isa = PBXFileReference; lastKnownFileType = sourcecode.c.h; path = Problem_182.h; sourceTree = "<group>"; };
		5DBD44DD2389958C00D89024 /* Info.plist */ = {isa = PBXFileReference; lastKnownFileType = text.plist.xml; path = Info.plist; sourceTree = "<group>"; };
		5DBD44E22389958C00D89024 /* Problem 182Tests.xctest */ = {isa = PBXFileReference; explicitFileType = wrapper.cfbundle; includeInIndex = 0; path = "Problem 182Tests.xctest"; sourceTree = BUILT_PRODUCTS_DIR; };
		5DBD44E72389958C00D89024 /* Problem_182Tests.swift */ = {isa = PBXFileReference; lastKnownFileType = sourcecode.swift; path = Problem_182Tests.swift; sourceTree = "<group>"; };
		5DBD44E92389958C00D89024 /* Info.plist */ = {isa = PBXFileReference; lastKnownFileType = text.plist.xml; path = Info.plist; sourceTree = "<group>"; };
		5DBD44F3238995D700D89024 /* Solution.swift */ = {isa = PBXFileReference; lastKnownFileType = sourcecode.swift; path = Solution.swift; sourceTree = "<group>"; };
/* End PBXFileReference section */

/* Begin PBXFrameworksBuildPhase section */
		5DBD44D62389958C00D89024 /* Frameworks */ = {
			isa = PBXFrameworksBuildPhase;
			buildActionMask = 2147483647;
			files = (
			);
			runOnlyForDeploymentPostprocessing = 0;
		};
		5DBD44DF2389958C00D89024 /* Frameworks */ = {
			isa = PBXFrameworksBuildPhase;
			buildActionMask = 2147483647;
			files = (
				5DBD44E32389958C00D89024 /* Problem_182.framework in Frameworks */,
			);
			runOnlyForDeploymentPostprocessing = 0;
		};
/* End PBXFrameworksBuildPhase section */

/* Begin PBXGroup section */
		5DBD44CF2389958C00D89024 = {
			isa = PBXGroup;
			children = (
				5DBD44DB2389958C00D89024 /* Problem 182 */,
				5DBD44E62389958C00D89024 /* Problem 182Tests */,
				5DBD44DA2389958C00D89024 /* Products */,
			);
			sourceTree = "<group>";
		};
		5DBD44DA2389958C00D89024 /* Products */ = {
			isa = PBXGroup;
			children = (
				5DBD44D92389958C00D89024 /* Problem_182.framework */,
				5DBD44E22389958C00D89024 /* Problem 182Tests.xctest */,
			);
			name = Products;
			sourceTree = "<group>";
		};
		5DBD44DB2389958C00D89024 /* Problem 182 */ = {
			isa = PBXGroup;
			children = (
				5DBD44DC2389958C00D89024 /* Problem_182.h */,
				5DBD44DD2389958C00D89024 /* Info.plist */,
				5DBD44F3238995D700D89024 /* Solution.swift */,
			);
			path = "Problem 182";
			sourceTree = "<group>";
		};
		5DBD44E62389958C00D89024 /* Problem 182Tests */ = {
			isa = PBXGroup;
			children = (
				5DBD44E72389958C00D89024 /* Problem_182Tests.swift */,
				5DBD44E92389958C00D89024 /* Info.plist */,
			);
			path = "Problem 182Tests";
			sourceTree = "<group>";
		};
/* End PBXGroup section */

/* Begin PBXHeadersBuildPhase section */
		5DBD44D42389958C00D89024 /* Headers */ = {
			isa = PBXHeadersBuildPhase;
			buildActionMask = 2147483647;
			files = (
				5DBD44EA2389958C00D89024 /* Problem_182.h in Headers */,
			);
			runOnlyForDeploymentPostprocessing = 0;
		};
/* End PBXHeadersBuildPhase section */

/* Begin PBXNativeTarget section */
		5DBD44D82389958C00D89024 /* Problem 182 */ = {
			isa = PBXNativeTarget;
			buildConfigurationList = 5DBD44ED2389958C00D89024 /* Build configuration list for PBXNativeTarget "Problem 182" */;
			buildPhases = (
				5DBD44D42389958C00D89024 /* Headers */,
				5DBD44D52389958C00D89024 /* Sources */,
				5DBD44D62389958C00D89024 /* Frameworks */,
				5DBD44D72389958C00D89024 /* Resources */,
			);
			buildRules = (
			);
			dependencies = (
			);
			name = "Problem 182";
			productName = "Problem 182";
			productReference = 5DBD44D92389958C00D89024 /* Problem_182.framework */;
			productType = "com.apple.product-type.framework";
		};
		5DBD44E12389958C00D89024 /* Problem 182Tests */ = {
			isa = PBXNativeTarget;
			buildConfigurationList = 5DBD44F02389958C00D89024 /* Build configuration list for PBXNativeTarget "Problem 182Tests" */;
			buildPhases = (
				5DBD44DE2389958C00D89024 /* Sources */,
				5DBD44DF2389958C00D89024 /* Frameworks */,
				5DBD44E02389958C00D89024 /* Resources */,
			);
			buildRules = (
			);
			dependencies = (
				5DBD44E52389958C00D89024 /* PBXTargetDependency */,
			);
			name = "Problem 182Tests";
			productName = "Problem 182Tests";
			productReference = 5DBD44E22389958C00D89024 /* Problem 182Tests.xctest */;
			productType = "com.apple.product-type.bundle.unit-test";
		};
/* End PBXNativeTarget section */

/* Begin PBXProject section */
		5DBD44D02389958C00D89024 /* Project object */ = {
			isa = PBXProject;
			attributes = {
				LastSwiftUpdateCheck = 1110;
				LastUpgradeCheck = 1110;
				ORGANIZATIONNAME = "sebastien FOCK CHOW THO";
				TargetAttributes = {
					5DBD44D82389958C00D89024 = {
						CreatedOnToolsVersion = 11.1;
						LastSwiftMigration = 1110;
					};
					5DBD44E12389958C00D89024 = {
						CreatedOnToolsVersion = 11.1;
					};
				};
			};
			buildConfigurationList = 5DBD44D32389958C00D89024 /* Build configuration list for PBXProject "Problem 182" */;
			compatibilityVersion = "Xcode 9.3";
			developmentRegion = en;
			hasScannedForEncodings = 0;
			knownRegions = (
				en,
				Base,
			);
			mainGroup = 5DBD44CF2389958C00D89024;
			productRefGroup = 5DBD44DA2389958C00D89024 /* Products */;
			projectDirPath = "";
			projectRoot = "";
			targets = (
				5DBD44D82389958C00D89024 /* Problem 182 */,
				5DBD44E12389958C00D89024 /* Problem 182Tests */,
			);
		};
/* End PBXProject section */

/* Begin PBXResourcesBuildPhase section */
		5DBD44D72389958C00D89024 /* Resources */ = {
			isa = PBXResourcesBuildPhase;
			buildActionMask = 2147483647;
			files = (
			);
			runOnlyForDeploymentPostprocessing = 0;
		};
		5DBD44E02389958C00D89024 /* Resources */ = {
			isa = PBXResourcesBuildPhase;
			buildActionMask = 2147483647;
			files = (
			);
			runOnlyForDeploymentPostprocessing = 0;
		};
/* End PBXResourcesBuildPhase section */

/* Begin PBXSourcesBuildPhase section */
		5DBD44D52389958C00D89024 /* Sources */ = {
			isa = PBXSourcesBuildPhase;
			buildActionMask = 2147483647;
			files = (
				5DBD44F4238995D700D89024 /* Solution.swift in Sources */,
			);
			runOnlyForDeploymentPostprocessing = 0;
		};
		5DBD44DE2389958C00D89024 /* Sources */ = {
			isa = PBXSourcesBuildPhase;
			buildActionMask = 2147483647;
			files = (
				5DBD44E82389958C00D89024 /* Problem_182Tests.swift in Sources */,
			);
			runOnlyForDeploymentPostprocessing = 0;
		};
/* End PBXSourcesBuildPhase section */

/* Begin PBXTargetDependency section */
		5DBD44E52389958C00D89024 /* PBXTargetDependency */ = {
			isa = PBXTargetDependency;
			target = 5DBD44D82389958C00D89024 /* Problem 182 */;
			targetProxy = 5DBD44E42389958C00D89024 /* PBXContainerItemProxy */;
		};
/* End PBXTargetDependency section */

/* Begin XCBuildConfiguration section */
		5DBD44EB2389958C00D89024 /* Debug */ = {
			isa = XCBuildConfiguration;
			buildSettings = {
				ALWAYS_SEARCH_USER_PATHS = NO;
				CLANG_ANALYZER_NONNULL = YES;
				CLANG_ANALYZER_NUMBER_OBJECT_CONVERSION = YES_AGGRESSIVE;
				CLANG_CXX_LANGUAGE_STANDARD = "gnu++14";
				CLANG_CXX_LIBRARY = "libc++";
				CLANG_ENABLE_MODULES = YES;
				CLANG_ENABLE_OBJC_ARC = YES;
				CLANG_ENABLE_OBJC_WEAK = YES;
				CLANG_WARN_BLOCK_CAPTURE_AUTORELEASING = YES;
				CLANG_WARN_BOOL_CONVERSION = YES;
				CLANG_WARN_COMMA = YES;
				CLANG_WARN_CONSTANT_CONVERSION = YES;
				CLANG_WARN_DEPRECATED_OBJC_IMPLEMENTATIONS = YES;
				CLANG_WARN_DIRECT_OBJC_ISA_USAGE = YES_ERROR;
				CLANG_WARN_DOCUMENTATION_COMMENTS = YES;
				CLANG_WARN_EMPTY_BODY = YES;
				CLANG_WARN_ENUM_CONVERSION = YES;
				CLANG_WARN_INFINITE_RECURSION = YES;
				CLANG_WARN_INT_CONVERSION = YES;
				CLANG_WARN_NON_LITERAL_NULL_CONVERSION = YES;
				CLANG_WARN_OBJC_IMPLICIT_RETAIN_SELF = YES;
				CLANG_WARN_OBJC_LITERAL_CONVERSION = YES;
				CLANG_WARN_OBJC_ROOT_CLASS = YES_ERROR;
				CLANG_WARN_RANGE_LOOP_ANALYSIS = YES;
				CLANG_WARN_STRICT_PROTOTYPES = YES;
				CLANG_WARN_SUSPICIOUS_MOVE = YES;
				CLANG_WARN_UNGUARDED_AVAILABILITY = YES_AGGRESSIVE;
				CLANG_WARN_UNREACHABLE_CODE = YES;
				CLANG_WARN__DUPLICATE_METHOD_MATCH = YES;
				COPY_PHASE_STRIP = NO;
				CURRENT_PROJECT_VERSION = 1;
				DEBUG_INFORMATION_FORMAT = dwarf;
				ENABLE_STRICT_OBJC_MSGSEND = YES;
				ENABLE_TESTABILITY = YES;
				GCC_C_LANGUAGE_STANDARD = gnu11;
				GCC_DYNAMIC_NO_PIC = NO;
				GCC_NO_COMMON_BLOCKS = YES;
				GCC_OPTIMIZATION_LEVEL = 0;
				GCC_PREPROCESSOR_DEFINITIONS = (
					"DEBUG=1",
					"$(inherited)",
				);
				GCC_WARN_64_TO_32_BIT_CONVERSION = YES;
				GCC_WARN_ABOUT_RETURN_TYPE = YES_ERROR;
				GCC_WARN_UNDECLARED_SELECTOR = YES;
				GCC_WARN_UNINITIALIZED_AUTOS = YES_AGGRESSIVE;
				GCC_WARN_UNUSED_FUNCTION = YES;
				GCC_WARN_UNUSED_VARIABLE = YES;
				MACOSX_DEPLOYMENT_TARGET = 10.15;
				MTL_ENABLE_DEBUG_INFO = INCLUDE_SOURCE;
				MTL_FAST_MATH = YES;
				ONLY_ACTIVE_ARCH = YES;
				SDKROOT = macosx;
				SWIFT_ACTIVE_COMPILATION_CONDITIONS = DEBUG;
				SWIFT_OPTIMIZATION_LEVEL = "-Onone";
				VERSIONING_SYSTEM = "apple-generic";
				VERSION_INFO_PREFIX = "";
			};
			name = Debug;
		};
		5DBD44EC2389958C00D89024 /* Release */ = {
			isa = XCBuildConfiguration;
			buildSettings = {
				ALWAYS_SEARCH_USER_PATHS = NO;
				CLANG_ANALYZER_NONNULL = YES;
				CLANG_ANALYZER_NUMBER_OBJECT_CONVERSION = YES_AGGRESSIVE;
				CLANG_CXX_LANGUAGE_STANDARD = "gnu++14";
				CLANG_CXX_LIBRARY = "libc++";
				CLANG_ENABLE_MODULES = YES;
				CLANG_ENABLE_OBJC_ARC = YES;
				CLANG_ENABLE_OBJC_WEAK = YES;
				CLANG_WARN_BLOCK_CAPTURE_AUTORELEASING = YES;
				CLANG_WARN_BOOL_CONVERSION = YES;
				CLANG_WARN_COMMA = YES;
				CLANG_WARN_CONSTANT_CONVERSION = YES;
				CLANG_WARN_DEPRECATED_OBJC_IMPLEMENTATIONS = YES;
				CLANG_WARN_DIRECT_OBJC_ISA_USAGE = YES_ERROR;
				CLANG_WARN_DOCUMENTATION_COMMENTS = YES;
				CLANG_WARN_EMPTY_BODY = YES;
				CLANG_WARN_ENUM_CONVERSION = YES;
				CLANG_WARN_INFINITE_RECURSION = YES;
				CLANG_WARN_INT_CONVERSION = YES;
				CLANG_WARN_NON_LITERAL_NULL_CONVERSION = YES;
				CLANG_WARN_OBJC_IMPLICIT_RETAIN_SELF = YES;
				CLANG_WARN_OBJC_LITERAL_CONVERSION = YES;
				CLANG_WARN_OBJC_ROOT_CLASS = YES_ERROR;
				CLANG_WARN_RANGE_LOOP_ANALYSIS = YES;
				CLANG_WARN_STRICT_PROTOTYPES = YES;
				CLANG_WARN_SUSPICIOUS_MOVE = YES;
				CLANG_WARN_UNGUARDED_AVAILABILITY = YES_AGGRESSIVE;
				CLANG_WARN_UNREACHABLE_CODE = YES;
				CLANG_WARN__DUPLICATE_METHOD_MATCH = YES;
				COPY_PHASE_STRIP = NO;
				CURRENT_PROJECT_VERSION = 1;
				DEBUG_INFORMATION_FORMAT = "dwarf-with-dsym";
				ENABLE_NS_ASSERTIONS = NO;
				ENABLE_STRICT_OBJC_MSGSEND = YES;
				GCC_C_LANGUAGE_STANDARD = gnu11;
				GCC_NO_COMMON_BLOCKS = YES;
				GCC_WARN_64_TO_32_BIT_CONVERSION = YES;
				GCC_WARN_ABOUT_RETURN_TYPE = YES_ERROR;
				GCC_WARN_UNDECLARED_SELECTOR = YES;
				GCC_WARN_UNINITIALIZED_AUTOS = YES_AGGRESSIVE;
				GCC_WARN_UNUSED_FUNCTION = YES;
				GCC_WARN_UNUSED_VARIABLE = YES;
				MACOSX_DEPLOYMENT_TARGET = 10.15;
				MTL_ENABLE_DEBUG_INFO = NO;
				MTL_FAST_MATH = YES;
				SDKROOT = macosx;
				SWIFT_COMPILATION_MODE = wholemodule;
				SWIFT_OPTIMIZATION_LEVEL = "-O";
				VERSIONING_SYSTEM = "apple-generic";
				VERSION_INFO_PREFIX = "";
			};
			name = Release;
		};
		5DBD44EE2389958C00D89024 /* Debug */ = {
			isa = XCBuildConfiguration;
			buildSettings = {
				CLANG_ENABLE_MODULES = YES;
				CODE_SIGN_STYLE = Automatic;
				COMBINE_HIDPI_IMAGES = YES;
				DEFINES_MODULE = YES;
				DEVELOPMENT_TEAM = E5P894ED53;
				DYLIB_COMPATIBILITY_VERSION = 1;
				DYLIB_CURRENT_VERSION = 1;
				DYLIB_INSTALL_NAME_BASE = "@rpath";
				INFOPLIST_FILE = "Problem 182/Info.plist";
				INSTALL_PATH = "$(LOCAL_LIBRARY_DIR)/Frameworks";
				LD_RUNPATH_SEARCH_PATHS = (
					"$(inherited)",
					"@executable_path/../Frameworks",
					"@loader_path/Frameworks",
				);
				PRODUCT_BUNDLE_IDENTIFIER = "com.sebfct.Problem-182";
				PRODUCT_NAME = "$(TARGET_NAME:c99extidentifier)";
				SKIP_INSTALL = YES;
				SWIFT_OPTIMIZATION_LEVEL = "-Onone";
				SWIFT_VERSION = 5.0;
			};
			name = Debug;
		};
		5DBD44EF2389958C00D89024 /* Release */ = {
			isa = XCBuildConfiguration;
			buildSettings = {
				CLANG_ENABLE_MODULES = YES;
				CODE_SIGN_STYLE = Automatic;
				COMBINE_HIDPI_IMAGES = YES;
				DEFINES_MODULE = YES;
				DEVELOPMENT_TEAM = E5P894ED53;
				DYLIB_COMPATIBILITY_VERSION = 1;
				DYLIB_CURRENT_VERSION = 1;
				DYLIB_INSTALL_NAME_BASE = "@rpath";
				INFOPLIST_FILE = "Problem 182/Info.plist";
				INSTALL_PATH = "$(LOCAL_LIBRARY_DIR)/Frameworks";
				LD_RUNPATH_SEARCH_PATHS = (
					"$(inherited)",
					"@executable_path/../Frameworks",
					"@loader_path/Frameworks",
				);
				PRODUCT_BUNDLE_IDENTIFIER = "com.sebfct.Problem-182";
				PRODUCT_NAME = "$(TARGET_NAME:c99extidentifier)";
				SKIP_INSTALL = YES;
				SWIFT_VERSION = 5.0;
			};
			name = Release;
		};
		5DBD44F12389958C00D89024 /* Debug */ = {
			isa = XCBuildConfiguration;
			buildSettings = {
				ALWAYS_EMBED_SWIFT_STANDARD_LIBRARIES = YES;
				CODE_SIGN_STYLE = Automatic;
				COMBINE_HIDPI_IMAGES = YES;
				DEVELOPMENT_TEAM = E5P894ED53;
				INFOPLIST_FILE = "Problem 182Tests/Info.plist";
				LD_RUNPATH_SEARCH_PATHS = (
					"$(inherited)",
					"@executable_path/../Frameworks",
					"@loader_path/../Frameworks",
				);
				PRODUCT_BUNDLE_IDENTIFIER = "com.sebfct.Problem-182Tests";
				PRODUCT_NAME = "$(TARGET_NAME)";
				SWIFT_VERSION = 5.0;
			};
			name = Debug;
		};
		5DBD44F22389958C00D89024 /* Release */ = {
			isa = XCBuildConfiguration;
			buildSettings = {
				ALWAYS_EMBED_SWIFT_STANDARD_LIBRARIES = YES;
				CODE_SIGN_STYLE = Automatic;
				COMBINE_HIDPI_IMAGES = YES;
				DEVELOPMENT_TEAM = E5P894ED53;
				INFOPLIST_FILE = "Problem 182Tests/Info.plist";
				LD_RUNPATH_SEARCH_PATHS = (
					"$(inherited)",
					"@executable_path/../Frameworks",
					"@loader_path/../Frameworks",
				);
				PRODUCT_BUNDLE_IDENTIFIER = "com.sebfct.Problem-182Tests";
				PRODUCT_NAME = "$(TARGET_NAME)";
				SWIFT_VERSION = 5.0;
			};
			name = Release;
		};
/* End XCBuildConfiguration section */

/* Begin XCConfigurationList section */
		5DBD44D32389958C00D89024 /* Build configuration list for PBXProject "Problem 182" */ = {
			isa = XCConfigurationList;
			buildConfigurations = (
				5DBD44EB2389958C00D89024 /* Debug */,
				5DBD44EC2389958C00D89024 /* Release */,
			);
			defaultConfigurationIsVisible = 0;
			defaultConfigurationName = Release;
		};
		5DBD44ED2389958C00D89024 /* Build configuration list for PBXNativeTarget "Problem 182" */ = {
			isa = XCConfigurationList;
			buildConfigurations = (
				5DBD44EE2389958C00D89024 /* Debug */,
				5DBD44EF2389958C00D89024 /* Release */,
			);
			defaultConfigurationIsVisible = 0;
			defaultConfigurationName = Release;
		};
		5DBD44F02389958C00D89024 /* Build configuration list for PBXNativeTarget "Problem 182Tests" */ = {
			isa = XCConfigurationList;
			buildConfigurations = (
				5DBD44F12389958C00D89024 /* Debug */,
				5DBD44F22389958C00D89024 /* Release */,
			);
			defaultConfigurationIsVisible = 0;
			defaultConfigurationName = Release;
		};
/* End XCConfigurationList section */
	};
	rootObject = 5DBD44D02389958C00D89024 /* Project object */;
}
